// !$*UTF8*$!
{
	archiveVersion = 1;
	classes = {
	};
	objectVersion = 51;
	objects = {

/* Begin PBXBuildFile section */
		0B02B0B024068C6B00A17F02 /* Feature.swift in Sources */ = {isa = PBXBuildFile; fileRef = 0B02B0AF24068C6B00A17F02 /* Feature.swift */; };
		0B02B0B224068CE700A17F02 /* FeaturesService.swift in Sources */ = {isa = PBXBuildFile; fileRef = 0B02B0B124068CE700A17F02 /* FeaturesService.swift */; };
		0B02B0BD2406B1F500A17F02 /* CategoryList.swift in Sources */ = {isa = PBXBuildFile; fileRef = 0B02B0BB2406B1F500A17F02 /* CategoryList.swift */; };
		0B02B0C22406B3DF00A17F02 /* SubCategoryList.swift in Sources */ = {isa = PBXBuildFile; fileRef = 0B02B0C02406B3DF00A17F02 /* SubCategoryList.swift */; };
		0B02B0C32406B3DF00A17F02 /* SubCategoryList.xib in Resources */ = {isa = PBXBuildFile; fileRef = 0B02B0C12406B3DF00A17F02 /* SubCategoryList.xib */; };
		0B02B0C72406D9B900A17F02 /* SubSubCategoryList.swift in Sources */ = {isa = PBXBuildFile; fileRef = 0B02B0C52406D9B900A17F02 /* SubSubCategoryList.swift */; };
		0B02B0C82406D9B900A17F02 /* SubSubCategoryList.xib in Resources */ = {isa = PBXBuildFile; fileRef = 0B02B0C62406D9B900A17F02 /* SubSubCategoryList.xib */; };
		0B02C4FD23DCAC9700766776 /* MainAdsCell.swift in Sources */ = {isa = PBXBuildFile; fileRef = 0B02C4FB23DCAC9700766776 /* MainAdsCell.swift */; };
		0B02C50423DCBBC300766776 /* MainCategoriesCell.swift in Sources */ = {isa = PBXBuildFile; fileRef = 0B02C50223DCBBC300766776 /* MainCategoriesCell.swift */; };
		0B02C50523DCBBC300766776 /* MainCategoriesCell.xib in Resources */ = {isa = PBXBuildFile; fileRef = 0B02C50323DCBBC300766776 /* MainCategoriesCell.xib */; };
		0B04832723DA1F87003C49C0 /* CategoriesVC.swift in Sources */ = {isa = PBXBuildFile; fileRef = 0B04832623DA1F87003C49C0 /* CategoriesVC.swift */; };
		0B04832923DA1FC9003C49C0 /* FavoriteVC.swift in Sources */ = {isa = PBXBuildFile; fileRef = 0B04832823DA1FC9003C49C0 /* FavoriteVC.swift */; };
		0B04832B23DA1FDB003C49C0 /* ProfileVC.swift in Sources */ = {isa = PBXBuildFile; fileRef = 0B04832A23DA1FDB003C49C0 /* ProfileVC.swift */; };
		0B04832E23DA26B7003C49C0 /* SearchVC.swift in Sources */ = {isa = PBXBuildFile; fileRef = 0B04832D23DA26B7003C49C0 /* SearchVC.swift */; };
		0B04833123DA2DDC003C49C0 /* UIViewExt.swift in Sources */ = {isa = PBXBuildFile; fileRef = 0B04833023DA2DDC003C49C0 /* UIViewExt.swift */; };
		0B04ED5523EEA64000661F1A /* AllOffersVC.swift in Sources */ = {isa = PBXBuildFile; fileRef = 0B04ED5423EEA64000661F1A /* AllOffersVC.swift */; };
		0B08C15C24051C4D007ED192 /* NotificationCell.xib in Resources */ = {isa = PBXBuildFile; fileRef = 0B08C15E24051C4D007ED192 /* NotificationCell.xib */; };
		0B08C16124051CF6007ED192 /* FollowUpCell.xib in Resources */ = {isa = PBXBuildFile; fileRef = 0B08C16324051CF6007ED192 /* FollowUpCell.xib */; };
		0B08D41023DFBD2200079CA4 /* AboutUsVC.swift in Sources */ = {isa = PBXBuildFile; fileRef = 0B08D40F23DFBD2200079CA4 /* AboutUsVC.swift */; };
		0B0AA14723ED8100003971A2 /* CategoriesCell.swift in Sources */ = {isa = PBXBuildFile; fileRef = 0B0AA14523ED8100003971A2 /* CategoriesCell.swift */; };
		0B0AA14823ED8100003971A2 /* CategoriesCell.xib in Resources */ = {isa = PBXBuildFile; fileRef = 0B0AA14623ED8100003971A2 /* CategoriesCell.xib */; };
		0B0AA14A23ED8609003971A2 /* SubSubCategoryVC.swift in Sources */ = {isa = PBXBuildFile; fileRef = 0B0AA14923ED8609003971A2 /* SubSubCategoryVC.swift */; };
		0B0AA14E23ED88BE003971A2 /* SubCategoryCell.swift in Sources */ = {isa = PBXBuildFile; fileRef = 0B0AA14C23ED88BE003971A2 /* SubCategoryCell.swift */; };
		0B0AA14F23ED88BE003971A2 /* SubCategoryCell.xib in Resources */ = {isa = PBXBuildFile; fileRef = 0B0AA14D23ED88BE003971A2 /* SubCategoryCell.xib */; };
		0B0AA15123ED8A35003971A2 /* SubCategoryVC.swift in Sources */ = {isa = PBXBuildFile; fileRef = 0B0AA15023ED8A35003971A2 /* SubCategoryVC.swift */; };
		0B0AA15523ED8CD3003971A2 /* SubSubCategoryCell.swift in Sources */ = {isa = PBXBuildFile; fileRef = 0B0AA15323ED8CD3003971A2 /* SubSubCategoryCell.swift */; };
		0B0AA15623ED8CD3003971A2 /* SubSubCategoryCell.xib in Resources */ = {isa = PBXBuildFile; fileRef = 0B0AA15423ED8CD3003971A2 /* SubSubCategoryCell.xib */; };
		0B0BCEDC23E10D7F00AF709A /* LoginVC.swift in Sources */ = {isa = PBXBuildFile; fileRef = 0B0BCEDB23E10D7F00AF709A /* LoginVC.swift */; };
		0B0BCEDE23E10D9E00AF709A /* CountryVC.swift in Sources */ = {isa = PBXBuildFile; fileRef = 0B0BCEDD23E10D9E00AF709A /* CountryVC.swift */; };
		0B0BCEE023E10DCE00AF709A /* NotificationVC.swift in Sources */ = {isa = PBXBuildFile; fileRef = 0B0BCEDF23E10DCE00AF709A /* NotificationVC.swift */; };
		0B0BCEE223E10E4800AF709A /* TermsVC.swift in Sources */ = {isa = PBXBuildFile; fileRef = 0B0BCEE123E10E4800AF709A /* TermsVC.swift */; };
		0B0BCEE423E10E6E00AF709A /* SupportVC.swift in Sources */ = {isa = PBXBuildFile; fileRef = 0B0BCEE323E10E6E00AF709A /* SupportVC.swift */; };
		0B0CA06123E090C700BC25AC /* ContactUsVC.swift in Sources */ = {isa = PBXBuildFile; fileRef = 0B0CA06023E090C700BC25AC /* ContactUsVC.swift */; };
		0B11315523D9C93C007FDC6D /* AppDelegate.swift in Sources */ = {isa = PBXBuildFile; fileRef = 0B11315423D9C93C007FDC6D /* AppDelegate.swift */; };
		0B11315723D9C93C007FDC6D /* SceneDelegate.swift in Sources */ = {isa = PBXBuildFile; fileRef = 0B11315623D9C93C007FDC6D /* SceneDelegate.swift */; };
		0B11315923D9C93C007FDC6D /* HomeVC.swift in Sources */ = {isa = PBXBuildFile; fileRef = 0B11315823D9C93C007FDC6D /* HomeVC.swift */; };
		0B11315B23D9C93C007FDC6D /* AdvertiseNowVC.swift in Sources */ = {isa = PBXBuildFile; fileRef = 0B11315A23D9C93C007FDC6D /* AdvertiseNowVC.swift */; };
		0B11315E23D9C93C007FDC6D /* Main.storyboard in Resources */ = {isa = PBXBuildFile; fileRef = 0B11315C23D9C93C007FDC6D /* Main.storyboard */; };
		0B11316323D9C93E007FDC6D /* LaunchScreen.storyboard in Resources */ = {isa = PBXBuildFile; fileRef = 0B11316123D9C93E007FDC6D /* LaunchScreen.storyboard */; };
		0B1199492426499800932931 /* CountryListVC.swift in Sources */ = {isa = PBXBuildFile; fileRef = 0B1199472426499800932931 /* CountryListVC.swift */; };
		0B11994B2426530700932931 /* CountryListVC.xib in Resources */ = {isa = PBXBuildFile; fileRef = 0B11994D2426530700932931 /* CountryListVC.xib */; };
		0B119950242657EA00932931 /* CategoryList.xib in Resources */ = {isa = PBXBuildFile; fileRef = 0B119952242657EA00932931 /* CategoryList.xib */; };
		0B11995624278D4800932931 /* GoogleService-Info.plist in Resources */ = {isa = PBXBuildFile; fileRef = 0B11995524278D4800932931 /* GoogleService-Info.plist */; };
		0B1199592427CC2000932931 /* NotificationService.swift in Sources */ = {isa = PBXBuildFile; fileRef = 0B1199582427CC2000932931 /* NotificationService.swift */; };
		0B11995B2427CCA200932931 /* NotificationN.swift in Sources */ = {isa = PBXBuildFile; fileRef = 0B11995A2427CCA200932931 /* NotificationN.swift */; };
		0B1199872428EB8700932931 /* MainCatVC.swift in Sources */ = {isa = PBXBuildFile; fileRef = 0B1199862428EB8700932931 /* MainCatVC.swift */; };
		0B11998B242A31CD00932931 /* ImageDisplayVC.swift in Sources */ = {isa = PBXBuildFile; fileRef = 0B119989242A31CC00932931 /* ImageDisplayVC.swift */; };
		0B11998C242A31CD00932931 /* ImageDisplayVC.xib in Resources */ = {isa = PBXBuildFile; fileRef = 0B11998A242A31CC00932931 /* ImageDisplayVC.xib */; };
		0B11ABFE23F9997600CA56D2 /* CategoryCell.swift in Sources */ = {isa = PBXBuildFile; fileRef = 0B11ABFC23F9997600CA56D2 /* CategoryCell.swift */; };
		0B11ABFF23F9997600CA56D2 /* CategoryCell.xib in Resources */ = {isa = PBXBuildFile; fileRef = 0B11ABFD23F9997600CA56D2 /* CategoryCell.xib */; };
		0B11AC0123F99DED00CA56D2 /* LocalizedCollectionView.swift in Sources */ = {isa = PBXBuildFile; fileRef = 0B11AC0023F99DED00CA56D2 /* LocalizedCollectionView.swift */; };
		0B11AC0223F9A09500CA56D2 /* MainAdsCell.xib in Resources */ = {isa = PBXBuildFile; fileRef = 0B11AC0423F9A09500CA56D2 /* MainAdsCell.xib */; };
		0B11AC0823F9A21B00CA56D2 /* CategoriesService.swift in Sources */ = {isa = PBXBuildFile; fileRef = 0B11AC0723F9A21B00CA56D2 /* CategoriesService.swift */; };
		0B11AC0A23F9A40000CA56D2 /* SubCategory.swift in Sources */ = {isa = PBXBuildFile; fileRef = 0B11AC0923F9A40000CA56D2 /* SubCategory.swift */; };
		0B160343242B96C300DAF2BA /* AdReportVC.swift in Sources */ = {isa = PBXBuildFile; fileRef = 0B160341242B96C300DAF2BA /* AdReportVC.swift */; };
		0B160345242B98FE00DAF2BA /* AdReportVC.xib in Resources */ = {isa = PBXBuildFile; fileRef = 0B160347242B98FE00DAF2BA /* AdReportVC.xib */; };
		0B18782E24040131003B7C0B /* ImageCell.swift in Sources */ = {isa = PBXBuildFile; fileRef = 0B18782C24040131003B7C0B /* ImageCell.swift */; };
		0B18782F24040131003B7C0B /* ImageCell.xib in Resources */ = {isa = PBXBuildFile; fileRef = 0B18782D24040131003B7C0B /* ImageCell.xib */; };
		0B187831240444B3003B7C0B /* LocalizedButton.swift in Sources */ = {isa = PBXBuildFile; fileRef = 0B187830240444B3003B7C0B /* LocalizedButton.swift */; };
		0B187833240444E9003B7C0B /* LocalizedImage.swift in Sources */ = {isa = PBXBuildFile; fileRef = 0B187832240444E9003B7C0B /* LocalizedImage.swift */; };
		0B187835240446DA003B7C0B /* LocalizedView.swift in Sources */ = {isa = PBXBuildFile; fileRef = 0B187834240446DA003B7C0B /* LocalizedView.swift */; };
		0B19086623F70D220050AE73 /* HomeService.swift in Sources */ = {isa = PBXBuildFile; fileRef = 0B19086523F70D220050AE73 /* HomeService.swift */; };
		0B19086823F70EAD0050AE73 /* SliderAd.swift in Sources */ = {isa = PBXBuildFile; fileRef = 0B19086723F70EAD0050AE73 /* SliderAd.swift */; };
		0B19086A23F70EC80050AE73 /* Category.swift in Sources */ = {isa = PBXBuildFile; fileRef = 0B19086923F70EC80050AE73 /* Category.swift */; };
		0B19086C23F70EE80050AE73 /* Ad.swift in Sources */ = {isa = PBXBuildFile; fileRef = 0B19086B23F70EE80050AE73 /* Ad.swift */; };
		0B19086E23F737230050AE73 /* AdsService.swift in Sources */ = {isa = PBXBuildFile; fileRef = 0B19086D23F737230050AE73 /* AdsService.swift */; };
		0B1BEC352412CC7E00BD64D2 /* ChangePassAlert.xib in Resources */ = {isa = PBXBuildFile; fileRef = 0B1BEC372412CC7E00BD64D2 /* ChangePassAlert.xib */; };
		0B1F78A423E70CDB006BDFBA /* RegisterVC.swift in Sources */ = {isa = PBXBuildFile; fileRef = 0B1F78A323E70CDB006BDFBA /* RegisterVC.swift */; };
		0B1F78A623E725A5006BDFBA /* forgotPassVC.swift in Sources */ = {isa = PBXBuildFile; fileRef = 0B1F78A523E725A5006BDFBA /* forgotPassVC.swift */; };
		0B1F78AD23E9DA8B006BDFBA /* QuestionCell.swift in Sources */ = {isa = PBXBuildFile; fileRef = 0B1F78AB23E9DA8B006BDFBA /* QuestionCell.swift */; };
		0B1F78AE23E9DA8B006BDFBA /* QuestionCell.xib in Resources */ = {isa = PBXBuildFile; fileRef = 0B1F78AC23E9DA8B006BDFBA /* QuestionCell.xib */; };
		0B1F78B223E9E526006BDFBA /* NotificationCell.swift in Sources */ = {isa = PBXBuildFile; fileRef = 0B1F78B023E9E526006BDFBA /* NotificationCell.swift */; };
		0B1F78B723EA220F006BDFBA /* CountryCell.swift in Sources */ = {isa = PBXBuildFile; fileRef = 0B1F78B523EA220F006BDFBA /* CountryCell.swift */; };
		0B1F78B823EA220F006BDFBA /* CountryCell.xib in Resources */ = {isa = PBXBuildFile; fileRef = 0B1F78B623EA220F006BDFBA /* CountryCell.xib */; };
		0B33E55C241EAC2800A2E695 /* SearchResultVC.swift in Sources */ = {isa = PBXBuildFile; fileRef = 0B33E55B241EAC2800A2E695 /* SearchResultVC.swift */; };
		0B33E560241EB52400A2E695 /* SearchCategoryList.swift in Sources */ = {isa = PBXBuildFile; fileRef = 0B33E55E241EB52400A2E695 /* SearchCategoryList.swift */; };
		0B33E561241EB52400A2E695 /* SearchCategoryList.xib in Resources */ = {isa = PBXBuildFile; fileRef = 0B33E55F241EB52400A2E695 /* SearchCategoryList.xib */; };
		0B554DE524237F5C002BD69D /* Question.swift in Sources */ = {isa = PBXBuildFile; fileRef = 0B554DE424237F5C002BD69D /* Question.swift */; };
		0B554DE7242380CF002BD69D /* QuestionService.swift in Sources */ = {isa = PBXBuildFile; fileRef = 0B554DE6242380CF002BD69D /* QuestionService.swift */; };
		0B780FF223DF1993004304DC /* SideMenuVC.swift in Sources */ = {isa = PBXBuildFile; fileRef = 0B780FF123DF1993004304DC /* SideMenuVC.swift */; };
		0B780FF423DF19E6004304DC /* LanguageVC.swift in Sources */ = {isa = PBXBuildFile; fileRef = 0B780FF323DF19E6004304DC /* LanguageVC.swift */; };
		0B780FFA23DF298A004304DC /* Localizable.strings in Resources */ = {isa = PBXBuildFile; fileRef = 0B780FFC23DF298A004304DC /* Localizable.strings */; };
		0B780FFF23DF2A06004304DC /* StringExt.swift in Sources */ = {isa = PBXBuildFile; fileRef = 0B780FFE23DF2A06004304DC /* StringExt.swift */; };
		0BF4487323F03E760044B88B /* AdCell.swift in Sources */ = {isa = PBXBuildFile; fileRef = 0BF4487123F03E760044B88B /* AdCell.swift */; };
		0BF4487423F03E760044B88B /* AdCell.xib in Resources */ = {isa = PBXBuildFile; fileRef = 0BF4487223F03E760044B88B /* AdCell.xib */; };
		0BF4487623F04D840044B88B /* FollowUpVC.swift in Sources */ = {isa = PBXBuildFile; fileRef = 0BF4487523F04D840044B88B /* FollowUpVC.swift */; };
		0BF4487A23F04DF80044B88B /* FollowUpCell.swift in Sources */ = {isa = PBXBuildFile; fileRef = 0BF4487823F04DF80044B88B /* FollowUpCell.swift */; };
		0BF4487F23F173470044B88B /* Constants.swift in Sources */ = {isa = PBXBuildFile; fileRef = 0BF4487E23F173470044B88B /* Constants.swift */; };
		0BF4488223F174100044B88B /* AuthService.swift in Sources */ = {isa = PBXBuildFile; fileRef = 0BF4488123F174100044B88B /* AuthService.swift */; };
		0BF4488423F1B2880044B88B /* NetworkHelper.swift in Sources */ = {isa = PBXBuildFile; fileRef = 0BF4488323F1B2880044B88B /* NetworkHelper.swift */; };
		0BFA81EC23F00B3900BC5A07 /* FeaturesVC.swift in Sources */ = {isa = PBXBuildFile; fileRef = 0BFA81EB23F00B3900BC5A07 /* FeaturesVC.swift */; };
		0BFA81F023F00CAA00BC5A07 /* PayCell.swift in Sources */ = {isa = PBXBuildFile; fileRef = 0BFA81EE23F00CAA00BC5A07 /* PayCell.swift */; };
		0BFA81F523F0107E00BC5A07 /* PayActionSheet.swift in Sources */ = {isa = PBXBuildFile; fileRef = 0BFA81F323F0107E00BC5A07 /* PayActionSheet.swift */; };
		0BFA81FA23F0147E00BC5A07 /* OnlineActionSheet.swift in Sources */ = {isa = PBXBuildFile; fileRef = 0BFA81F823F0147E00BC5A07 /* OnlineActionSheet.swift */; };
		0BFA81FF23F01D5100BC5A07 /* MyAdsCell.swift in Sources */ = {isa = PBXBuildFile; fileRef = 0BFA81FD23F01D5100BC5A07 /* MyAdsCell.swift */; };
		0BFA820023F01D5100BC5A07 /* MyAdsCell.xib in Resources */ = {isa = PBXBuildFile; fileRef = 0BFA81FE23F01D5100BC5A07 /* MyAdsCell.xib */; };
		0BFA820323F021D600BC5A07 /* AdVC.swift in Sources */ = {isa = PBXBuildFile; fileRef = 0BFA820223F021D600BC5A07 /* AdVC.swift */; };
		0BFCA1DA23E22731004DE381 /* Assets.xcassets in Resources */ = {isa = PBXBuildFile; fileRef = 0B11315F23D9C93E007FDC6D /* Assets.xcassets */; };
		0BFD757D240A838A00800340 /* Package.swift in Sources */ = {isa = PBXBuildFile; fileRef = 0BFD757C240A838A00800340 /* Package.swift */; };
		0BFD757F240A83D800800340 /* PackagesService.swift in Sources */ = {isa = PBXBuildFile; fileRef = 0BFD757E240A83D800800340 /* PackagesService.swift */; };
		0BFD7586240A912A00800340 /* PackageCell.swift in Sources */ = {isa = PBXBuildFile; fileRef = 0BFD7584240A912A00800340 /* PackageCell.swift */; };
		0BFD7587240A912A00800340 /* PackageCell.xib in Resources */ = {isa = PBXBuildFile; fileRef = 0BFD7585240A912A00800340 /* PackageCell.xib */; };
		0BFD758B240AA11100800340 /* BuyPackageVC.swift in Sources */ = {isa = PBXBuildFile; fileRef = 0BFD7589240AA11100800340 /* BuyPackageVC.swift */; };
		0BFD758D240AA6D400800340 /* BuyPackageVC.xib in Resources */ = {isa = PBXBuildFile; fileRef = 0BFD758F240AA6D400800340 /* BuyPackageVC.xib */; };
		0BFD7592240AC73400800340 /* PayCell.xib in Resources */ = {isa = PBXBuildFile; fileRef = 0BFD7594240AC73400800340 /* PayCell.xib */; };
		0BFD7597240AC76B00800340 /* PayActionSheet.xib in Resources */ = {isa = PBXBuildFile; fileRef = 0BFD7599240AC76B00800340 /* PayActionSheet.xib */; };
		0BFD759C240AC7A100800340 /* OnlineActionSheet.xib in Resources */ = {isa = PBXBuildFile; fileRef = 0BFD759E240AC7A100800340 /* OnlineActionSheet.xib */; };
		0BFDB5F723EC030000695A5A /* EditProfileVC.swift in Sources */ = {isa = PBXBuildFile; fileRef = 0BFDB5F623EC030000695A5A /* EditProfileVC.swift */; };
		0BFDB5F923EC032000695A5A /* MyAdsVC.swift in Sources */ = {isa = PBXBuildFile; fileRef = 0BFDB5F823EC032000695A5A /* MyAdsVC.swift */; };
		0BFDB5FB23EC033D00695A5A /* BalanceVC.swift in Sources */ = {isa = PBXBuildFile; fileRef = 0BFDB5FA23EC033D00695A5A /* BalanceVC.swift */; };
		0BFDB5FD23EC035700695A5A /* PaymentVC.swift in Sources */ = {isa = PBXBuildFile; fileRef = 0BFDB5FC23EC035700695A5A /* PaymentVC.swift */; };
		0BFDB60223EC0FB800695A5A /* ChangePassVC.swift in Sources */ = {isa = PBXBuildFile; fileRef = 0BFDB60123EC0FB800695A5A /* ChangePassVC.swift */; };
		0BFDB60623EC3CB400695A5A /* ChangePassAlert.swift in Sources */ = {isa = PBXBuildFile; fileRef = 0BFDB60423EC3CB400695A5A /* ChangePassAlert.swift */; };
		0BFDB60F23EC4C0F00695A5A /* FavoriteCell.swift in Sources */ = {isa = PBXBuildFile; fileRef = 0BFDB60D23EC4C0F00695A5A /* FavoriteCell.swift */; };
		0BFDB61023EC4C0F00695A5A /* FavoriteCell.xib in Resources */ = {isa = PBXBuildFile; fileRef = 0BFDB60E23EC4C0F00695A5A /* FavoriteCell.xib */; };
		991F33636BC8D45A75358126 /* Pods_A3lanate.framework in Frameworks */ = {isa = PBXBuildFile; fileRef = B00CC25A8C1F7784797B14BE /* Pods_A3lanate.framework */; };
/* End PBXBuildFile section */

/* Begin PBXFileReference section */
		09DED0F7E927F837B44DD197 /* Pods-A3lanate.debug.xcconfig */ = {isa = PBXFileReference; includeInIndex = 1; lastKnownFileType = text.xcconfig; name = "Pods-A3lanate.debug.xcconfig"; path = "Target Support Files/Pods-A3lanate/Pods-A3lanate.debug.xcconfig"; sourceTree = "<group>"; };
		0B02B0AF24068C6B00A17F02 /* Feature.swift */ = {isa = PBXFileReference; lastKnownFileType = sourcecode.swift; path = Feature.swift; sourceTree = "<group>"; };
		0B02B0B124068CE700A17F02 /* FeaturesService.swift */ = {isa = PBXFileReference; lastKnownFileType = sourcecode.swift; path = FeaturesService.swift; sourceTree = "<group>"; };
		0B02B0BB2406B1F500A17F02 /* CategoryList.swift */ = {isa = PBXFileReference; lastKnownFileType = sourcecode.swift; path = CategoryList.swift; sourceTree = "<group>"; };
		0B02B0C02406B3DF00A17F02 /* SubCategoryList.swift */ = {isa = PBXFileReference; lastKnownFileType = sourcecode.swift; path = SubCategoryList.swift; sourceTree = "<group>"; };
		0B02B0C12406B3DF00A17F02 /* SubCategoryList.xib */ = {isa = PBXFileReference; lastKnownFileType = file.xib; path = SubCategoryList.xib; sourceTree = "<group>"; };
		0B02B0C52406D9B900A17F02 /* SubSubCategoryList.swift */ = {isa = PBXFileReference; lastKnownFileType = sourcecode.swift; path = SubSubCategoryList.swift; sourceTree = "<group>"; };
		0B02B0C62406D9B900A17F02 /* SubSubCategoryList.xib */ = {isa = PBXFileReference; lastKnownFileType = file.xib; path = SubSubCategoryList.xib; sourceTree = "<group>"; };
		0B02C4FB23DCAC9700766776 /* MainAdsCell.swift */ = {isa = PBXFileReference; lastKnownFileType = sourcecode.swift; path = MainAdsCell.swift; sourceTree = "<group>"; };
		0B02C50223DCBBC300766776 /* MainCategoriesCell.swift */ = {isa = PBXFileReference; lastKnownFileType = sourcecode.swift; path = MainCategoriesCell.swift; sourceTree = "<group>"; };
		0B02C50323DCBBC300766776 /* MainCategoriesCell.xib */ = {isa = PBXFileReference; lastKnownFileType = file.xib; path = MainCategoriesCell.xib; sourceTree = "<group>"; };
		0B04832623DA1F87003C49C0 /* CategoriesVC.swift */ = {isa = PBXFileReference; lastKnownFileType = sourcecode.swift; path = CategoriesVC.swift; sourceTree = "<group>"; };
		0B04832823DA1FC9003C49C0 /* FavoriteVC.swift */ = {isa = PBXFileReference; lastKnownFileType = sourcecode.swift; path = FavoriteVC.swift; sourceTree = "<group>"; };
		0B04832A23DA1FDB003C49C0 /* ProfileVC.swift */ = {isa = PBXFileReference; lastKnownFileType = sourcecode.swift; path = ProfileVC.swift; sourceTree = "<group>"; };
		0B04832D23DA26B7003C49C0 /* SearchVC.swift */ = {isa = PBXFileReference; lastKnownFileType = sourcecode.swift; path = SearchVC.swift; sourceTree = "<group>"; };
		0B04833023DA2DDC003C49C0 /* UIViewExt.swift */ = {isa = PBXFileReference; lastKnownFileType = sourcecode.swift; path = UIViewExt.swift; sourceTree = "<group>"; };
		0B04ED5423EEA64000661F1A /* AllOffersVC.swift */ = {isa = PBXFileReference; lastKnownFileType = sourcecode.swift; path = AllOffersVC.swift; sourceTree = "<group>"; };
		0B08C15D24051C4D007ED192 /* Base */ = {isa = PBXFileReference; lastKnownFileType = file.xib; name = Base; path = Base.lproj/NotificationCell.xib; sourceTree = "<group>"; };
		0B08C16024051C51007ED192 /* ar */ = {isa = PBXFileReference; lastKnownFileType = text.plist.strings; name = ar; path = ar.lproj/NotificationCell.strings; sourceTree = "<group>"; };
		0B08C16224051CF6007ED192 /* Base */ = {isa = PBXFileReference; lastKnownFileType = file.xib; name = Base; path = Base.lproj/FollowUpCell.xib; sourceTree = "<group>"; };
		0B08C16524051CF9007ED192 /* ar */ = {isa = PBXFileReference; lastKnownFileType = text.plist.strings; name = ar; path = ar.lproj/FollowUpCell.strings; sourceTree = "<group>"; };
		0B08D40F23DFBD2200079CA4 /* AboutUsVC.swift */ = {isa = PBXFileReference; lastKnownFileType = sourcecode.swift; path = AboutUsVC.swift; sourceTree = "<group>"; };
		0B0AA14523ED8100003971A2 /* CategoriesCell.swift */ = {isa = PBXFileReference; lastKnownFileType = sourcecode.swift; path = CategoriesCell.swift; sourceTree = "<group>"; };
		0B0AA14623ED8100003971A2 /* CategoriesCell.xib */ = {isa = PBXFileReference; lastKnownFileType = file.xib; path = CategoriesCell.xib; sourceTree = "<group>"; };
		0B0AA14923ED8609003971A2 /* SubSubCategoryVC.swift */ = {isa = PBXFileReference; lastKnownFileType = sourcecode.swift; path = SubSubCategoryVC.swift; sourceTree = "<group>"; };
		0B0AA14C23ED88BE003971A2 /* SubCategoryCell.swift */ = {isa = PBXFileReference; lastKnownFileType = sourcecode.swift; path = SubCategoryCell.swift; sourceTree = "<group>"; };
		0B0AA14D23ED88BE003971A2 /* SubCategoryCell.xib */ = {isa = PBXFileReference; lastKnownFileType = file.xib; path = SubCategoryCell.xib; sourceTree = "<group>"; };
		0B0AA15023ED8A35003971A2 /* SubCategoryVC.swift */ = {isa = PBXFileReference; lastKnownFileType = sourcecode.swift; path = SubCategoryVC.swift; sourceTree = "<group>"; };
		0B0AA15323ED8CD3003971A2 /* SubSubCategoryCell.swift */ = {isa = PBXFileReference; lastKnownFileType = sourcecode.swift; path = SubSubCategoryCell.swift; sourceTree = "<group>"; };
		0B0AA15423ED8CD3003971A2 /* SubSubCategoryCell.xib */ = {isa = PBXFileReference; lastKnownFileType = file.xib; path = SubSubCategoryCell.xib; sourceTree = "<group>"; };
		0B0BCEDB23E10D7F00AF709A /* LoginVC.swift */ = {isa = PBXFileReference; lastKnownFileType = sourcecode.swift; path = LoginVC.swift; sourceTree = "<group>"; };
		0B0BCEDD23E10D9E00AF709A /* CountryVC.swift */ = {isa = PBXFileReference; lastKnownFileType = sourcecode.swift; path = CountryVC.swift; sourceTree = "<group>"; };
		0B0BCEDF23E10DCE00AF709A /* NotificationVC.swift */ = {isa = PBXFileReference; lastKnownFileType = sourcecode.swift; path = NotificationVC.swift; sourceTree = "<group>"; };
		0B0BCEE123E10E4800AF709A /* TermsVC.swift */ = {isa = PBXFileReference; lastKnownFileType = sourcecode.swift; path = TermsVC.swift; sourceTree = "<group>"; };
		0B0BCEE323E10E6E00AF709A /* SupportVC.swift */ = {isa = PBXFileReference; lastKnownFileType = sourcecode.swift; path = SupportVC.swift; sourceTree = "<group>"; };
		0B0CA06023E090C700BC25AC /* ContactUsVC.swift */ = {isa = PBXFileReference; lastKnownFileType = sourcecode.swift; path = ContactUsVC.swift; sourceTree = "<group>"; };
		0B11315123D9C93C007FDC6D /* A3lanate.app */ = {isa = PBXFileReference; explicitFileType = wrapper.application; includeInIndex = 0; path = A3lanate.app; sourceTree = BUILT_PRODUCTS_DIR; };
		0B11315423D9C93C007FDC6D /* AppDelegate.swift */ = {isa = PBXFileReference; lastKnownFileType = sourcecode.swift; path = AppDelegate.swift; sourceTree = "<group>"; };
		0B11315623D9C93C007FDC6D /* SceneDelegate.swift */ = {isa = PBXFileReference; lastKnownFileType = sourcecode.swift; path = SceneDelegate.swift; sourceTree = "<group>"; };
		0B11315823D9C93C007FDC6D /* HomeVC.swift */ = {isa = PBXFileReference; lastKnownFileType = sourcecode.swift; path = HomeVC.swift; sourceTree = "<group>"; };
		0B11315A23D9C93C007FDC6D /* AdvertiseNowVC.swift */ = {isa = PBXFileReference; lastKnownFileType = sourcecode.swift; path = AdvertiseNowVC.swift; sourceTree = "<group>"; };
		0B11315D23D9C93C007FDC6D /* Base */ = {isa = PBXFileReference; lastKnownFileType = file.storyboard; name = Base; path = Base.lproj/Main.storyboard; sourceTree = "<group>"; };
		0B11315F23D9C93E007FDC6D /* Assets.xcassets */ = {isa = PBXFileReference; lastKnownFileType = folder.assetcatalog; path = Assets.xcassets; sourceTree = "<group>"; };
		0B11316223D9C93E007FDC6D /* Base */ = {isa = PBXFileReference; lastKnownFileType = file.storyboard; name = Base; path = Base.lproj/LaunchScreen.storyboard; sourceTree = "<group>"; };
		0B11316423D9C93E007FDC6D /* Info.plist */ = {isa = PBXFileReference; lastKnownFileType = text.plist.xml; path = Info.plist; sourceTree = "<group>"; };
		0B1199472426499800932931 /* CountryListVC.swift */ = {isa = PBXFileReference; lastKnownFileType = sourcecode.swift; path = CountryListVC.swift; sourceTree = "<group>"; };
		0B11994C2426530700932931 /* Base */ = {isa = PBXFileReference; lastKnownFileType = file.xib; name = Base; path = Base.lproj/CountryListVC.xib; sourceTree = "<group>"; };
		0B11994F2426530D00932931 /* ar */ = {isa = PBXFileReference; lastKnownFileType = text.plist.strings; name = ar; path = ar.lproj/CountryListVC.strings; sourceTree = "<group>"; };
		0B119951242657EA00932931 /* Base */ = {isa = PBXFileReference; lastKnownFileType = file.xib; name = Base; path = Base.lproj/CategoryList.xib; sourceTree = "<group>"; };
		0B119954242657F000932931 /* ar */ = {isa = PBXFileReference; lastKnownFileType = text.plist.strings; name = ar; path = ar.lproj/CategoryList.strings; sourceTree = "<group>"; };
		0B11995524278D4800932931 /* GoogleService-Info.plist */ = {isa = PBXFileReference; fileEncoding = 4; lastKnownFileType = text.plist.xml; path = "GoogleService-Info.plist"; sourceTree = "<group>"; };
		0B1199582427CC2000932931 /* NotificationService.swift */ = {isa = PBXFileReference; lastKnownFileType = sourcecode.swift; path = NotificationService.swift; sourceTree = "<group>"; };
		0B11995A2427CCA200932931 /* NotificationN.swift */ = {isa = PBXFileReference; lastKnownFileType = sourcecode.swift; path = NotificationN.swift; sourceTree = "<group>"; };
		0B1199862428EB8700932931 /* MainCatVC.swift */ = {isa = PBXFileReference; lastKnownFileType = sourcecode.swift; path = MainCatVC.swift; sourceTree = "<group>"; };
		0B119989242A31CC00932931 /* ImageDisplayVC.swift */ = {isa = PBXFileReference; lastKnownFileType = sourcecode.swift; path = ImageDisplayVC.swift; sourceTree = "<group>"; };
		0B11998A242A31CC00932931 /* ImageDisplayVC.xib */ = {isa = PBXFileReference; lastKnownFileType = file.xib; path = ImageDisplayVC.xib; sourceTree = "<group>"; };
		0B11998E242A8E8900932931 /* ar */ = {isa = PBXFileReference; lastKnownFileType = text.plist.strings; name = ar; path = ar.lproj/OnlineActionSheet.strings; sourceTree = "<group>"; };
		0B11ABFC23F9997600CA56D2 /* CategoryCell.swift */ = {isa = PBXFileReference; lastKnownFileType = sourcecode.swift; path = CategoryCell.swift; sourceTree = "<group>"; };
		0B11ABFD23F9997600CA56D2 /* CategoryCell.xib */ = {isa = PBXFileReference; lastKnownFileType = file.xib; path = CategoryCell.xib; sourceTree = "<group>"; };
		0B11AC0023F99DED00CA56D2 /* LocalizedCollectionView.swift */ = {isa = PBXFileReference; lastKnownFileType = sourcecode.swift; path = LocalizedCollectionView.swift; sourceTree = "<group>"; };
		0B11AC0323F9A09500CA56D2 /* Base */ = {isa = PBXFileReference; lastKnownFileType = file.xib; name = Base; path = Base.lproj/MainAdsCell.xib; sourceTree = "<group>"; };
		0B11AC0623F9A09800CA56D2 /* ar */ = {isa = PBXFileReference; lastKnownFileType = text.plist.strings; name = ar; path = ar.lproj/MainAdsCell.strings; sourceTree = "<group>"; };
		0B11AC0723F9A21B00CA56D2 /* CategoriesService.swift */ = {isa = PBXFileReference; lastKnownFileType = sourcecode.swift; path = CategoriesService.swift; sourceTree = "<group>"; };
		0B11AC0923F9A40000CA56D2 /* SubCategory.swift */ = {isa = PBXFileReference; lastKnownFileType = sourcecode.swift; path = SubCategory.swift; sourceTree = "<group>"; };
		0B160341242B96C300DAF2BA /* AdReportVC.swift */ = {isa = PBXFileReference; lastKnownFileType = sourcecode.swift; path = AdReportVC.swift; sourceTree = "<group>"; };
		0B160346242B98FE00DAF2BA /* Base */ = {isa = PBXFileReference; lastKnownFileType = file.xib; name = Base; path = Base.lproj/AdReportVC.xib; sourceTree = "<group>"; };
		0B16034B242B991A00DAF2BA /* ar */ = {isa = PBXFileReference; lastKnownFileType = text.plist.strings; name = ar; path = ar.lproj/AdReportVC.strings; sourceTree = "<group>"; };
		0B18782C24040131003B7C0B /* ImageCell.swift */ = {isa = PBXFileReference; lastKnownFileType = sourcecode.swift; path = ImageCell.swift; sourceTree = "<group>"; };
		0B18782D24040131003B7C0B /* ImageCell.xib */ = {isa = PBXFileReference; lastKnownFileType = file.xib; path = ImageCell.xib; sourceTree = "<group>"; };
		0B187830240444B3003B7C0B /* LocalizedButton.swift */ = {isa = PBXFileReference; lastKnownFileType = sourcecode.swift; path = LocalizedButton.swift; sourceTree = "<group>"; };
		0B187832240444E9003B7C0B /* LocalizedImage.swift */ = {isa = PBXFileReference; lastKnownFileType = sourcecode.swift; path = LocalizedImage.swift; sourceTree = "<group>"; };
		0B187834240446DA003B7C0B /* LocalizedView.swift */ = {isa = PBXFileReference; lastKnownFileType = sourcecode.swift; path = LocalizedView.swift; sourceTree = "<group>"; };
		0B19086523F70D220050AE73 /* HomeService.swift */ = {isa = PBXFileReference; lastKnownFileType = sourcecode.swift; path = HomeService.swift; sourceTree = "<group>"; };
		0B19086723F70EAD0050AE73 /* SliderAd.swift */ = {isa = PBXFileReference; lastKnownFileType = sourcecode.swift; path = SliderAd.swift; sourceTree = "<group>"; };
		0B19086923F70EC80050AE73 /* Category.swift */ = {isa = PBXFileReference; lastKnownFileType = sourcecode.swift; path = Category.swift; sourceTree = "<group>"; };
		0B19086B23F70EE80050AE73 /* Ad.swift */ = {isa = PBXFileReference; lastKnownFileType = sourcecode.swift; path = Ad.swift; sourceTree = "<group>"; };
		0B19086D23F737230050AE73 /* AdsService.swift */ = {isa = PBXFileReference; lastKnownFileType = sourcecode.swift; path = AdsService.swift; sourceTree = "<group>"; };
		0B1BEC362412CC7E00BD64D2 /* Base */ = {isa = PBXFileReference; lastKnownFileType = file.xib; name = Base; path = Base.lproj/ChangePassAlert.xib; sourceTree = "<group>"; };
		0B1BEC392412CC8300BD64D2 /* ar */ = {isa = PBXFileReference; lastKnownFileType = text.plist.strings; name = ar; path = ar.lproj/ChangePassAlert.strings; sourceTree = "<group>"; };
		0B1F78A323E70CDB006BDFBA /* RegisterVC.swift */ = {isa = PBXFileReference; lastKnownFileType = sourcecode.swift; path = RegisterVC.swift; sourceTree = "<group>"; };
		0B1F78A523E725A5006BDFBA /* forgotPassVC.swift */ = {isa = PBXFileReference; lastKnownFileType = sourcecode.swift; path = forgotPassVC.swift; sourceTree = "<group>"; };
		0B1F78AB23E9DA8B006BDFBA /* QuestionCell.swift */ = {isa = PBXFileReference; lastKnownFileType = sourcecode.swift; path = QuestionCell.swift; sourceTree = "<group>"; };
		0B1F78AC23E9DA8B006BDFBA /* QuestionCell.xib */ = {isa = PBXFileReference; lastKnownFileType = file.xib; path = QuestionCell.xib; sourceTree = "<group>"; };
		0B1F78B023E9E526006BDFBA /* NotificationCell.swift */ = {isa = PBXFileReference; lastKnownFileType = sourcecode.swift; path = NotificationCell.swift; sourceTree = "<group>"; };
		0B1F78B523EA220F006BDFBA /* CountryCell.swift */ = {isa = PBXFileReference; lastKnownFileType = sourcecode.swift; path = CountryCell.swift; sourceTree = "<group>"; };
		0B1F78B623EA220F006BDFBA /* CountryCell.xib */ = {isa = PBXFileReference; lastKnownFileType = file.xib; path = CountryCell.xib; sourceTree = "<group>"; };
		0B33E55B241EAC2800A2E695 /* SearchResultVC.swift */ = {isa = PBXFileReference; lastKnownFileType = sourcecode.swift; path = SearchResultVC.swift; sourceTree = "<group>"; };
		0B33E55E241EB52400A2E695 /* SearchCategoryList.swift */ = {isa = PBXFileReference; lastKnownFileType = sourcecode.swift; path = SearchCategoryList.swift; sourceTree = "<group>"; };
		0B33E55F241EB52400A2E695 /* SearchCategoryList.xib */ = {isa = PBXFileReference; lastKnownFileType = file.xib; path = SearchCategoryList.xib; sourceTree = "<group>"; };
		0B554DE424237F5C002BD69D /* Question.swift */ = {isa = PBXFileReference; lastKnownFileType = sourcecode.swift; path = Question.swift; sourceTree = "<group>"; };
		0B554DE6242380CF002BD69D /* QuestionService.swift */ = {isa = PBXFileReference; lastKnownFileType = sourcecode.swift; path = QuestionService.swift; sourceTree = "<group>"; };
		0B780FF123DF1993004304DC /* SideMenuVC.swift */ = {isa = PBXFileReference; lastKnownFileType = sourcecode.swift; path = SideMenuVC.swift; sourceTree = "<group>"; };
		0B780FF323DF19E6004304DC /* LanguageVC.swift */ = {isa = PBXFileReference; lastKnownFileType = sourcecode.swift; path = LanguageVC.swift; sourceTree = "<group>"; };
		0B780FF523DF28DB004304DC /* ar */ = {isa = PBXFileReference; lastKnownFileType = text.plist.strings; name = ar; path = ar.lproj/Main.strings; sourceTree = "<group>"; };
		0B780FF623DF28DB004304DC /* ar */ = {isa = PBXFileReference; lastKnownFileType = text.plist.strings; name = ar; path = ar.lproj/LaunchScreen.strings; sourceTree = "<group>"; };
		0B780FFB23DF298A004304DC /* en */ = {isa = PBXFileReference; lastKnownFileType = text.plist.strings; name = en; path = en.lproj/Localizable.strings; sourceTree = "<group>"; };
		0B780FFD23DF298D004304DC /* ar */ = {isa = PBXFileReference; lastKnownFileType = text.plist.strings; name = ar; path = ar.lproj/Localizable.strings; sourceTree = "<group>"; };
		0B780FFE23DF2A06004304DC /* StringExt.swift */ = {isa = PBXFileReference; lastKnownFileType = sourcecode.swift; path = StringExt.swift; sourceTree = "<group>"; };
		0BF4487123F03E760044B88B /* AdCell.swift */ = {isa = PBXFileReference; lastKnownFileType = sourcecode.swift; path = AdCell.swift; sourceTree = "<group>"; };
		0BF4487223F03E760044B88B /* AdCell.xib */ = {isa = PBXFileReference; lastKnownFileType = file.xib; path = AdCell.xib; sourceTree = "<group>"; };
		0BF4487523F04D840044B88B /* FollowUpVC.swift */ = {isa = PBXFileReference; lastKnownFileType = sourcecode.swift; path = FollowUpVC.swift; sourceTree = "<group>"; };
		0BF4487823F04DF80044B88B /* FollowUpCell.swift */ = {isa = PBXFileReference; lastKnownFileType = sourcecode.swift; path = FollowUpCell.swift; sourceTree = "<group>"; };
		0BF4487E23F173470044B88B /* Constants.swift */ = {isa = PBXFileReference; lastKnownFileType = sourcecode.swift; path = Constants.swift; sourceTree = "<group>"; };
		0BF4488123F174100044B88B /* AuthService.swift */ = {isa = PBXFileReference; lastKnownFileType = sourcecode.swift; path = AuthService.swift; sourceTree = "<group>"; };
		0BF4488323F1B2880044B88B /* NetworkHelper.swift */ = {isa = PBXFileReference; lastKnownFileType = sourcecode.swift; path = NetworkHelper.swift; sourceTree = "<group>"; };
		0BFA81EB23F00B3900BC5A07 /* FeaturesVC.swift */ = {isa = PBXFileReference; lastKnownFileType = sourcecode.swift; path = FeaturesVC.swift; sourceTree = "<group>"; };
		0BFA81EE23F00CAA00BC5A07 /* PayCell.swift */ = {isa = PBXFileReference; lastKnownFileType = sourcecode.swift; path = PayCell.swift; sourceTree = "<group>"; };
		0BFA81F323F0107E00BC5A07 /* PayActionSheet.swift */ = {isa = PBXFileReference; lastKnownFileType = sourcecode.swift; path = PayActionSheet.swift; sourceTree = "<group>"; };
		0BFA81F823F0147E00BC5A07 /* OnlineActionSheet.swift */ = {isa = PBXFileReference; lastKnownFileType = sourcecode.swift; path = OnlineActionSheet.swift; sourceTree = "<group>"; };
		0BFA81FD23F01D5100BC5A07 /* MyAdsCell.swift */ = {isa = PBXFileReference; lastKnownFileType = sourcecode.swift; path = MyAdsCell.swift; sourceTree = "<group>"; };
		0BFA81FE23F01D5100BC5A07 /* MyAdsCell.xib */ = {isa = PBXFileReference; lastKnownFileType = file.xib; path = MyAdsCell.xib; sourceTree = "<group>"; };
		0BFA820223F021D600BC5A07 /* AdVC.swift */ = {isa = PBXFileReference; lastKnownFileType = sourcecode.swift; path = AdVC.swift; sourceTree = "<group>"; };
		0BFD757C240A838A00800340 /* Package.swift */ = {isa = PBXFileReference; lastKnownFileType = sourcecode.swift; path = Package.swift; sourceTree = "<group>"; };
		0BFD757E240A83D800800340 /* PackagesService.swift */ = {isa = PBXFileReference; lastKnownFileType = sourcecode.swift; path = PackagesService.swift; sourceTree = "<group>"; };
		0BFD7584240A912A00800340 /* PackageCell.swift */ = {isa = PBXFileReference; lastKnownFileType = sourcecode.swift; path = PackageCell.swift; sourceTree = "<group>"; };
		0BFD7585240A912A00800340 /* PackageCell.xib */ = {isa = PBXFileReference; lastKnownFileType = file.xib; path = PackageCell.xib; sourceTree = "<group>"; };
		0BFD7589240AA11100800340 /* BuyPackageVC.swift */ = {isa = PBXFileReference; lastKnownFileType = sourcecode.swift; path = BuyPackageVC.swift; sourceTree = "<group>"; };
		0BFD758E240AA6D400800340 /* Base */ = {isa = PBXFileReference; lastKnownFileType = file.xib; name = Base; path = Base.lproj/BuyPackageVC.xib; sourceTree = "<group>"; };
		0BFD7591240AA6D800800340 /* ar */ = {isa = PBXFileReference; lastKnownFileType = text.plist.strings; name = ar; path = ar.lproj/BuyPackageVC.strings; sourceTree = "<group>"; };
		0BFD7593240AC73400800340 /* Base */ = {isa = PBXFileReference; lastKnownFileType = file.xib; name = Base; path = Base.lproj/PayCell.xib; sourceTree = "<group>"; };
		0BFD7596240AC73900800340 /* ar */ = {isa = PBXFileReference; lastKnownFileType = text.plist.strings; name = ar; path = ar.lproj/PayCell.strings; sourceTree = "<group>"; };
		0BFD7598240AC76B00800340 /* Base */ = {isa = PBXFileReference; lastKnownFileType = file.xib; name = Base; path = Base.lproj/PayActionSheet.xib; sourceTree = "<group>"; };
		0BFD759B240AC77100800340 /* ar */ = {isa = PBXFileReference; lastKnownFileType = text.plist.strings; name = ar; path = ar.lproj/PayActionSheet.strings; sourceTree = "<group>"; };
		0BFD759D240AC7A100800340 /* Base */ = {isa = PBXFileReference; lastKnownFileType = file.xib; name = Base; path = Base.lproj/OnlineActionSheet.xib; sourceTree = "<group>"; };
		0BFD75A3240AD49100800340 /* A3lanate.entitlements */ = {isa = PBXFileReference; lastKnownFileType = text.plist.entitlements; path = A3lanate.entitlements; sourceTree = "<group>"; };
		0BFDB5F623EC030000695A5A /* EditProfileVC.swift */ = {isa = PBXFileReference; lastKnownFileType = sourcecode.swift; path = EditProfileVC.swift; sourceTree = "<group>"; wrapsLines = 1; };
		0BFDB5F823EC032000695A5A /* MyAdsVC.swift */ = {isa = PBXFileReference; lastKnownFileType = sourcecode.swift; path = MyAdsVC.swift; sourceTree = "<group>"; };
		0BFDB5FA23EC033D00695A5A /* BalanceVC.swift */ = {isa = PBXFileReference; lastKnownFileType = sourcecode.swift; path = BalanceVC.swift; sourceTree = "<group>"; };
		0BFDB5FC23EC035700695A5A /* PaymentVC.swift */ = {isa = PBXFileReference; lastKnownFileType = sourcecode.swift; path = PaymentVC.swift; sourceTree = "<group>"; };
		0BFDB60123EC0FB800695A5A /* ChangePassVC.swift */ = {isa = PBXFileReference; lastKnownFileType = sourcecode.swift; path = ChangePassVC.swift; sourceTree = "<group>"; };
		0BFDB60423EC3CB400695A5A /* ChangePassAlert.swift */ = {isa = PBXFileReference; lastKnownFileType = sourcecode.swift; path = ChangePassAlert.swift; sourceTree = "<group>"; };
		0BFDB60D23EC4C0F00695A5A /* FavoriteCell.swift */ = {isa = PBXFileReference; lastKnownFileType = sourcecode.swift; path = FavoriteCell.swift; sourceTree = "<group>"; };
		0BFDB60E23EC4C0F00695A5A /* FavoriteCell.xib */ = {isa = PBXFileReference; lastKnownFileType = file.xib; path = FavoriteCell.xib; sourceTree = "<group>"; };
		8A8EBF2C0E5D915F2A5C4A20 /* Pods-A3lanate.release.xcconfig */ = {isa = PBXFileReference; includeInIndex = 1; lastKnownFileType = text.xcconfig; name = "Pods-A3lanate.release.xcconfig"; path = "Target Support Files/Pods-A3lanate/Pods-A3lanate.release.xcconfig"; sourceTree = "<group>"; };
		B00CC25A8C1F7784797B14BE /* Pods_A3lanate.framework */ = {isa = PBXFileReference; explicitFileType = wrapper.framework; includeInIndex = 0; path = Pods_A3lanate.framework; sourceTree = BUILT_PRODUCTS_DIR; };
/* End PBXFileReference section */

/* Begin PBXFrameworksBuildPhase section */
		0B11314E23D9C93C007FDC6D /* Frameworks */ = {
			isa = PBXFrameworksBuildPhase;
			buildActionMask = 2147483647;
			files = (
				991F33636BC8D45A75358126 /* Pods_A3lanate.framework in Frameworks */,
			);
			runOnlyForDeploymentPostprocessing = 0;
		};
/* End PBXFrameworksBuildPhase section */

/* Begin PBXGroup section */
		0B02B0B32406A40800A17F02 /* CategoriesListVCs */ = {
			isa = PBXGroup;
			children = (
				0B02B0BA2406B1DB00A17F02 /* CategoryList */,
				0B02B0BF2406B3C500A17F02 /* SubCategoryList */,
				0B02B0C42406D98A00A17F02 /* SubSubCategoryList */,
			);
			path = CategoriesListVCs;
			sourceTree = "<group>";
		};
		0B02B0BA2406B1DB00A17F02 /* CategoryList */ = {
			isa = PBXGroup;
			children = (
				0B02B0BB2406B1F500A17F02 /* CategoryList.swift */,
				0B119952242657EA00932931 /* CategoryList.xib */,
			);
			path = CategoryList;
			sourceTree = "<group>";
		};
		0B02B0BF2406B3C500A17F02 /* SubCategoryList */ = {
			isa = PBXGroup;
			children = (
				0B02B0C02406B3DF00A17F02 /* SubCategoryList.swift */,
				0B02B0C12406B3DF00A17F02 /* SubCategoryList.xib */,
			);
			path = SubCategoryList;
			sourceTree = "<group>";
		};
		0B02B0C42406D98A00A17F02 /* SubSubCategoryList */ = {
			isa = PBXGroup;
			children = (
				0B02B0C52406D9B900A17F02 /* SubSubCategoryList.swift */,
				0B02B0C62406D9B900A17F02 /* SubSubCategoryList.xib */,
			);
			path = SubSubCategoryList;
			sourceTree = "<group>";
		};
		0B02C4E823DCA13500766776 /* CategoriesVCs */ = {
			isa = PBXGroup;
			children = (
				0BFA820123F021B600BC5A07 /* AdVCs */,
				0B04832623DA1F87003C49C0 /* CategoriesVC.swift */,
				0B0AA15023ED8A35003971A2 /* SubCategoryVC.swift */,
				0B0AA14923ED8609003971A2 /* SubSubCategoryVC.swift */,
				0B1199862428EB8700932931 /* MainCatVC.swift */,
			);
			path = CategoriesVCs;
			sourceTree = "<group>";
		};
		0B02C4E923DCA14900766776 /* AdvertiseNowVCs */ = {
			isa = PBXGroup;
			children = (
				0B11315A23D9C93C007FDC6D /* AdvertiseNowVC.swift */,
				0BFA81EB23F00B3900BC5A07 /* FeaturesVC.swift */,
				0B02B0B32406A40800A17F02 /* CategoriesListVCs */,
				0BFA81F723F0144800BC5A07 /* OnlineActionSheet */,
				0BFA81F223F0106200BC5A07 /* PayActionSheet */,
				0B1199462426496A00932931 /* CountryListVC */,
			);
			path = AdvertiseNowVCs;
			sourceTree = "<group>";
		};
		0B02C4EA23DCA16100766776 /* FavoriteVCs */ = {
			isa = PBXGroup;
			children = (
				0B04832823DA1FC9003C49C0 /* FavoriteVC.swift */,
			);
			path = FavoriteVCs;
			sourceTree = "<group>";
		};
		0B02C4EB23DCA16C00766776 /* ProfileVCs */ = {
			isa = PBXGroup;
			children = (
				0B04832A23DA1FDB003C49C0 /* ProfileVC.swift */,
				0BFDB60023EC0F9A00695A5A /* EditProfileVCs */,
				0BFDB5F823EC032000695A5A /* MyAdsVC.swift */,
				0BFDB5FA23EC033D00695A5A /* BalanceVC.swift */,
				0BFD7580240A8F4500800340 /* PaymentVCs */,
			);
			path = ProfileVCs;
			sourceTree = "<group>";
		};
		0B02C4EC23DCA17D00766776 /* Views */ = {
			isa = PBXGroup;
			children = (
				0B1F78A723E9DA20006BDFBA /* TableViewCells */,
				0B02C4F223DCA1EE00766776 /* CollectionViewCells */,
			);
			path = Views;
			sourceTree = "<group>";
		};
		0B02C4F223DCA1EE00766776 /* CollectionViewCells */ = {
			isa = PBXGroup;
			children = (
				0B18782B24040104003B7C0B /* ImageCell */,
				0BF4487023F03E5B0044B88B /* AdCell */,
				0B0AA15223ED8CB3003971A2 /* SubSubCategoryCell */,
				0B0AA14B23ED88A0003971A2 /* SubCategoryCell */,
				0B0AA14423ED80D1003971A2 /* CategoriesCell */,
				0B02C50123DCBB9500766776 /* MainCategoriesCell */,
				0B02C50023DCBB8600766776 /* MainAdsCell */,
			);
			path = CollectionViewCells;
			sourceTree = "<group>";
		};
		0B02C50023DCBB8600766776 /* MainAdsCell */ = {
			isa = PBXGroup;
			children = (
				0B02C4FB23DCAC9700766776 /* MainAdsCell.swift */,
				0B11AC0423F9A09500CA56D2 /* MainAdsCell.xib */,
			);
			path = MainAdsCell;
			sourceTree = "<group>";
		};
		0B02C50123DCBB9500766776 /* MainCategoriesCell */ = {
			isa = PBXGroup;
			children = (
				0B02C50223DCBBC300766776 /* MainCategoriesCell.swift */,
				0B02C50323DCBBC300766776 /* MainCategoriesCell.xib */,
			);
			path = MainCategoriesCell;
			sourceTree = "<group>";
		};
		0B04832123DA19A5003C49C0 /* Core */ = {
			isa = PBXGroup;
			children = (
				0B11315623D9C93C007FDC6D /* SceneDelegate.swift */,
				0B11315423D9C93C007FDC6D /* AppDelegate.swift */,
			);
			path = Core;
			sourceTree = "<group>";
		};
		0B04832223DA19B8003C49C0 /* Controller */ = {
			isa = PBXGroup;
			children = (
				0B04832C23DA2696003C49C0 /* HomeVCs */,
				0B02C4E823DCA13500766776 /* CategoriesVCs */,
				0B02C4E923DCA14900766776 /* AdvertiseNowVCs */,
				0B02C4EA23DCA16100766776 /* FavoriteVCs */,
				0B02C4EB23DCA16C00766776 /* ProfileVCs */,
			);
			path = Controller;
			sourceTree = "<group>";
		};
		0B04832323DA19CD003C49C0 /* Storyboards */ = {
			isa = PBXGroup;
			children = (
				0B11315C23D9C93C007FDC6D /* Main.storyboard */,
				0B11316123D9C93E007FDC6D /* LaunchScreen.storyboard */,
			);
			path = Storyboards;
			sourceTree = "<group>";
		};
		0B04832423DA19E0003C49C0 /* Resources */ = {
			isa = PBXGroup;
			children = (
				0B11315F23D9C93E007FDC6D /* Assets.xcassets */,
			);
			path = Resources;
			sourceTree = "<group>";
		};
		0B04832523DA19FB003C49C0 /* Configurations */ = {
			isa = PBXGroup;
			children = (
				0B11316423D9C93E007FDC6D /* Info.plist */,
				0B11995524278D4800932931 /* GoogleService-Info.plist */,
			);
			path = Configurations;
			sourceTree = "<group>";
		};
		0B04832C23DA2696003C49C0 /* HomeVCs */ = {
			isa = PBXGroup;
			children = (
				0B780FF023DF1973004304DC /* SideMenuVCs */,
				0B11315823D9C93C007FDC6D /* HomeVC.swift */,
				0B33E55A241EABF800A2E695 /* SearchVCs */,
				0B04ED5423EEA64000661F1A /* AllOffersVC.swift */,
			);
			path = HomeVCs;
			sourceTree = "<group>";
		};
		0B04832F23DA2DB0003C49C0 /* Extensions */ = {
			isa = PBXGroup;
			children = (
				0B04833023DA2DDC003C49C0 /* UIViewExt.swift */,
				0B187834240446DA003B7C0B /* LocalizedView.swift */,
				0B187830240444B3003B7C0B /* LocalizedButton.swift */,
				0B187832240444E9003B7C0B /* LocalizedImage.swift */,
				0B780FFE23DF2A06004304DC /* StringExt.swift */,
				0B11AC0023F99DED00CA56D2 /* LocalizedCollectionView.swift */,
			);
			path = Extensions;
			sourceTree = "<group>";
		};
		0B0AA14423ED80D1003971A2 /* CategoriesCell */ = {
			isa = PBXGroup;
			children = (
				0B0AA14523ED8100003971A2 /* CategoriesCell.swift */,
				0B0AA14623ED8100003971A2 /* CategoriesCell.xib */,
			);
			path = CategoriesCell;
			sourceTree = "<group>";
		};
		0B0AA14B23ED88A0003971A2 /* SubCategoryCell */ = {
			isa = PBXGroup;
			children = (
				0B0AA14C23ED88BE003971A2 /* SubCategoryCell.swift */,
				0B0AA14D23ED88BE003971A2 /* SubCategoryCell.xib */,
			);
			path = SubCategoryCell;
			sourceTree = "<group>";
		};
		0B0AA15223ED8CB3003971A2 /* SubSubCategoryCell */ = {
			isa = PBXGroup;
			children = (
				0B0AA15323ED8CD3003971A2 /* SubSubCategoryCell.swift */,
				0B0AA15423ED8CD3003971A2 /* SubSubCategoryCell.xib */,
			);
			path = SubSubCategoryCell;
			sourceTree = "<group>";
		};
		0B11314823D9C93C007FDC6D = {
			isa = PBXGroup;
			children = (
				0B11315323D9C93C007FDC6D /* A3lanate */,
				0B11315223D9C93C007FDC6D /* Products */,
				9E8613FF0D458BBB7B48B5DD /* Pods */,
				942DF047278F2436F4E0E9EB /* Frameworks */,
			);
			sourceTree = "<group>";
		};
		0B11315223D9C93C007FDC6D /* Products */ = {
			isa = PBXGroup;
			children = (
				0B11315123D9C93C007FDC6D /* A3lanate.app */,
			);
			name = Products;
			sourceTree = "<group>";
		};
		0B11315323D9C93C007FDC6D /* A3lanate */ = {
			isa = PBXGroup;
			children = (
				0BFD75A3240AD49100800340 /* A3lanate.entitlements */,
				0BF4487D23F173330044B88B /* Utilities */,
				0BF4488023F173FC0044B88B /* Services */,
				0B04832123DA19A5003C49C0 /* Core */,
				0B04832523DA19FB003C49C0 /* Configurations */,
				0B04832423DA19E0003C49C0 /* Resources */,
				0B04832F23DA2DB0003C49C0 /* Extensions */,
				0BF4487C23F168370044B88B /* Model */,
				0B04832323DA19CD003C49C0 /* Storyboards */,
				0B04832223DA19B8003C49C0 /* Controller */,
				0B02C4EC23DCA17D00766776 /* Views */,
				0B780FF723DF2932004304DC /* Localization */,
			);
			path = A3lanate;
			sourceTree = "<group>";
		};
		0B1199462426496A00932931 /* CountryListVC */ = {
			isa = PBXGroup;
			children = (
				0B1199472426499800932931 /* CountryListVC.swift */,
				0B11994D2426530700932931 /* CountryListVC.xib */,
			);
			path = CountryListVC;
			sourceTree = "<group>";
		};
		0B119988242A31A400932931 /* ImageDisplayVC */ = {
			isa = PBXGroup;
			children = (
				0B119989242A31CC00932931 /* ImageDisplayVC.swift */,
				0B11998A242A31CC00932931 /* ImageDisplayVC.xib */,
			);
			path = ImageDisplayVC;
			sourceTree = "<group>";
		};
		0B11ABFB23F9995400CA56D2 /* CategoryCell */ = {
			isa = PBXGroup;
			children = (
				0B11ABFC23F9997600CA56D2 /* CategoryCell.swift */,
				0B11ABFD23F9997600CA56D2 /* CategoryCell.xib */,
			);
			path = CategoryCell;
			sourceTree = "<group>";
		};
		0B160340242B96A500DAF2BA /* AdReportVC */ = {
			isa = PBXGroup;
			children = (
				0B160341242B96C300DAF2BA /* AdReportVC.swift */,
				0B160347242B98FE00DAF2BA /* AdReportVC.xib */,
			);
			path = AdReportVC;
			sourceTree = "<group>";
		};
		0B18782B24040104003B7C0B /* ImageCell */ = {
			isa = PBXGroup;
			children = (
				0B18782C24040131003B7C0B /* ImageCell.swift */,
				0B18782D24040131003B7C0B /* ImageCell.xib */,
			);
			path = ImageCell;
			sourceTree = "<group>";
		};
		0B1F78A223E70CBE006BDFBA /* AuthenticationVC */ = {
			isa = PBXGroup;
			children = (
				0B0BCEDB23E10D7F00AF709A /* LoginVC.swift */,
				0B1F78A323E70CDB006BDFBA /* RegisterVC.swift */,
				0B1F78A523E725A5006BDFBA /* forgotPassVC.swift */,
			);
			path = AuthenticationVC;
			sourceTree = "<group>";
		};
		0B1F78A723E9DA20006BDFBA /* TableViewCells */ = {
			isa = PBXGroup;
			children = (
				0BFD7583240A90D400800340 /* PackageCell */,
				0B11ABFB23F9995400CA56D2 /* CategoryCell */,
				0BF4487723F04DD50044B88B /* FollowUpCell */,
				0BFA81FC23F01D3500BC5A07 /* MyAdsCell */,
				0BFA81ED23F00C9100BC5A07 /* PayCell */,
				0BFDB60823EC4ADF00695A5A /* FavoriteCell */,
				0B1F78B423EA21F6006BDFBA /* CountryCell */,
				0B1F78AF23E9E505006BDFBA /* NotificstionCell */,
				0B1F78A823E9DA33006BDFBA /* QuestionsCell */,
			);
			path = TableViewCells;
			sourceTree = "<group>";
		};
		0B1F78A823E9DA33006BDFBA /* QuestionsCell */ = {
			isa = PBXGroup;
			children = (
				0B1F78AB23E9DA8B006BDFBA /* QuestionCell.swift */,
				0B1F78AC23E9DA8B006BDFBA /* QuestionCell.xib */,
			);
			path = QuestionsCell;
			sourceTree = "<group>";
		};
		0B1F78AF23E9E505006BDFBA /* NotificstionCell */ = {
			isa = PBXGroup;
			children = (
				0B1F78B023E9E526006BDFBA /* NotificationCell.swift */,
				0B08C15E24051C4D007ED192 /* NotificationCell.xib */,
			);
			path = NotificstionCell;
			sourceTree = "<group>";
		};
		0B1F78B423EA21F6006BDFBA /* CountryCell */ = {
			isa = PBXGroup;
			children = (
				0B1F78B523EA220F006BDFBA /* CountryCell.swift */,
				0B1F78B623EA220F006BDFBA /* CountryCell.xib */,
			);
			path = CountryCell;
			sourceTree = "<group>";
		};
		0B33E55A241EABF800A2E695 /* SearchVCs */ = {
			isa = PBXGroup;
			children = (
				0B04832D23DA26B7003C49C0 /* SearchVC.swift */,
				0B33E55B241EAC2800A2E695 /* SearchResultVC.swift */,
				0B33E55D241EB4FD00A2E695 /* SearchCategoryList */,
			);
			path = SearchVCs;
			sourceTree = "<group>";
		};
		0B33E55D241EB4FD00A2E695 /* SearchCategoryList */ = {
			isa = PBXGroup;
			children = (
				0B33E55E241EB52400A2E695 /* SearchCategoryList.swift */,
				0B33E55F241EB52400A2E695 /* SearchCategoryList.xib */,
			);
			name = SearchCategoryList;
			path = "ئشفثلخقغ٬هسف";
			sourceTree = "<group>";
		};
		0B780FF023DF1973004304DC /* SideMenuVCs */ = {
			isa = PBXGroup;
			children = (
				0B1F78A223E70CBE006BDFBA /* AuthenticationVC */,
				0B780FF123DF1993004304DC /* SideMenuVC.swift */,
				0B0CA06023E090C700BC25AC /* ContactUsVC.swift */,
				0B780FF323DF19E6004304DC /* LanguageVC.swift */,
				0B08D40F23DFBD2200079CA4 /* AboutUsVC.swift */,
				0B0BCEDD23E10D9E00AF709A /* CountryVC.swift */,
				0B0BCEDF23E10DCE00AF709A /* NotificationVC.swift */,
				0B0BCEE123E10E4800AF709A /* TermsVC.swift */,
				0B0BCEE323E10E6E00AF709A /* SupportVC.swift */,
			);
			path = SideMenuVCs;
			sourceTree = "<group>";
		};
		0B780FF723DF2932004304DC /* Localization */ = {
			isa = PBXGroup;
			children = (
				0B780FFC23DF298A004304DC /* Localizable.strings */,
			);
			path = Localization;
			sourceTree = "<group>";
		};
		0BF4487023F03E5B0044B88B /* AdCell */ = {
			isa = PBXGroup;
			children = (
				0BF4487123F03E760044B88B /* AdCell.swift */,
				0BF4487223F03E760044B88B /* AdCell.xib */,
			);
			path = AdCell;
			sourceTree = "<group>";
		};
		0BF4487723F04DD50044B88B /* FollowUpCell */ = {
			isa = PBXGroup;
			children = (
				0BF4487823F04DF80044B88B /* FollowUpCell.swift */,
				0B08C16324051CF6007ED192 /* FollowUpCell.xib */,
			);
			path = FollowUpCell;
			sourceTree = "<group>";
		};
		0BF4487C23F168370044B88B /* Model */ = {
			isa = PBXGroup;
			children = (
				0B19086723F70EAD0050AE73 /* SliderAd.swift */,
				0B02B0AF24068C6B00A17F02 /* Feature.swift */,
				0B19086923F70EC80050AE73 /* Category.swift */,
				0B11AC0923F9A40000CA56D2 /* SubCategory.swift */,
				0B19086B23F70EE80050AE73 /* Ad.swift */,
				0BFD757C240A838A00800340 /* Package.swift */,
				0B554DE424237F5C002BD69D /* Question.swift */,
				0B11995A2427CCA200932931 /* NotificationN.swift */,
			);
			path = Model;
			sourceTree = "<group>";
		};
		0BF4487D23F173330044B88B /* Utilities */ = {
			isa = PBXGroup;
			children = (
				0BF4487E23F173470044B88B /* Constants.swift */,
				0BF4488323F1B2880044B88B /* NetworkHelper.swift */,
			);
			path = Utilities;
			sourceTree = "<group>";
		};
		0BF4488023F173FC0044B88B /* Services */ = {
			isa = PBXGroup;
			children = (
				0BF4488123F174100044B88B /* AuthService.swift */,
				0B19086523F70D220050AE73 /* HomeService.swift */,
				0B19086D23F737230050AE73 /* AdsService.swift */,
				0B11AC0723F9A21B00CA56D2 /* CategoriesService.swift */,
				0B02B0B124068CE700A17F02 /* FeaturesService.swift */,
				0BFD757E240A83D800800340 /* PackagesService.swift */,
				0B554DE6242380CF002BD69D /* QuestionService.swift */,
				0B1199582427CC2000932931 /* NotificationService.swift */,
			);
			path = Services;
			sourceTree = "<group>";
		};
		0BFA81ED23F00C9100BC5A07 /* PayCell */ = {
			isa = PBXGroup;
			children = (
				0BFA81EE23F00CAA00BC5A07 /* PayCell.swift */,
				0BFD7594240AC73400800340 /* PayCell.xib */,
			);
			path = PayCell;
			sourceTree = "<group>";
		};
		0BFA81F223F0106200BC5A07 /* PayActionSheet */ = {
			isa = PBXGroup;
			children = (
				0BFA81F323F0107E00BC5A07 /* PayActionSheet.swift */,
				0BFD7599240AC76B00800340 /* PayActionSheet.xib */,
			);
			path = PayActionSheet;
			sourceTree = "<group>";
		};
		0BFA81F723F0144800BC5A07 /* OnlineActionSheet */ = {
			isa = PBXGroup;
			children = (
				0BFA81F823F0147E00BC5A07 /* OnlineActionSheet.swift */,
				0BFD759E240AC7A100800340 /* OnlineActionSheet.xib */,
			);
			path = OnlineActionSheet;
			sourceTree = "<group>";
		};
		0BFA81FC23F01D3500BC5A07 /* MyAdsCell */ = {
			isa = PBXGroup;
			children = (
				0BFA81FD23F01D5100BC5A07 /* MyAdsCell.swift */,
				0BFA81FE23F01D5100BC5A07 /* MyAdsCell.xib */,
			);
			path = MyAdsCell;
			sourceTree = "<group>";
		};
		0BFA820123F021B600BC5A07 /* AdVCs */ = {
			isa = PBXGroup;
			children = (
				0BFA820223F021D600BC5A07 /* AdVC.swift */,
				0BF4487523F04D840044B88B /* FollowUpVC.swift */,
				0B160340242B96A500DAF2BA /* AdReportVC */,
				0B119988242A31A400932931 /* ImageDisplayVC */,
			);
			path = AdVCs;
			sourceTree = "<group>";
		};
		0BFD7580240A8F4500800340 /* PaymentVCs */ = {
			isa = PBXGroup;
			children = (
				0BFDB5FC23EC035700695A5A /* PaymentVC.swift */,
				0BFD7588240AA0EE00800340 /* BuyPackageVC */,
			);
			path = PaymentVCs;
			sourceTree = "<group>";
		};
		0BFD7583240A90D400800340 /* PackageCell */ = {
			isa = PBXGroup;
			children = (
				0BFD7584240A912A00800340 /* PackageCell.swift */,
				0BFD7585240A912A00800340 /* PackageCell.xib */,
			);
			path = PackageCell;
			sourceTree = "<group>";
		};
		0BFD7588240AA0EE00800340 /* BuyPackageVC */ = {
			isa = PBXGroup;
			children = (
				0BFD7589240AA11100800340 /* BuyPackageVC.swift */,
				0BFD758F240AA6D400800340 /* BuyPackageVC.xib */,
			);
			path = BuyPackageVC;
			sourceTree = "<group>";
		};
		0BFDB60023EC0F9A00695A5A /* EditProfileVCs */ = {
			isa = PBXGroup;
			children = (
				0BFDB5F623EC030000695A5A /* EditProfileVC.swift */,
				0BFDB60123EC0FB800695A5A /* ChangePassVC.swift */,
				0BFDB60323EC3C9100695A5A /* ChangePassAlert */,
			);
			path = EditProfileVCs;
			sourceTree = "<group>";
		};
		0BFDB60323EC3C9100695A5A /* ChangePassAlert */ = {
			isa = PBXGroup;
			children = (
				0BFDB60423EC3CB400695A5A /* ChangePassAlert.swift */,
				0B1BEC372412CC7E00BD64D2 /* ChangePassAlert.xib */,
			);
			path = ChangePassAlert;
			sourceTree = "<group>";
		};
		0BFDB60823EC4ADF00695A5A /* FavoriteCell */ = {
			isa = PBXGroup;
			children = (
				0BFDB60D23EC4C0F00695A5A /* FavoriteCell.swift */,
				0BFDB60E23EC4C0F00695A5A /* FavoriteCell.xib */,
			);
			path = FavoriteCell;
			sourceTree = "<group>";
		};
		942DF047278F2436F4E0E9EB /* Frameworks */ = {
			isa = PBXGroup;
			children = (
				B00CC25A8C1F7784797B14BE /* Pods_A3lanate.framework */,
			);
			name = Frameworks;
			sourceTree = "<group>";
		};
		9E8613FF0D458BBB7B48B5DD /* Pods */ = {
			isa = PBXGroup;
			children = (
				09DED0F7E927F837B44DD197 /* Pods-A3lanate.debug.xcconfig */,
				8A8EBF2C0E5D915F2A5C4A20 /* Pods-A3lanate.release.xcconfig */,
			);
			path = Pods;
			sourceTree = "<group>";
		};
/* End PBXGroup section */

/* Begin PBXNativeTarget section */
		0B11315023D9C93C007FDC6D /* A3lanate */ = {
			isa = PBXNativeTarget;
			buildConfigurationList = 0B11316723D9C93E007FDC6D /* Build configuration list for PBXNativeTarget "A3lanate" */;
			buildPhases = (
				0CDA2339EA72155A5C47B209 /* [CP] Check Pods Manifest.lock */,
				0B11314D23D9C93C007FDC6D /* Sources */,
				0B11314E23D9C93C007FDC6D /* Frameworks */,
				0B11314F23D9C93C007FDC6D /* Resources */,
				42291EBC9DF74CEF3F19A445 /* [CP] Embed Pods Frameworks */,
			);
			buildRules = (
			);
			dependencies = (
			);
			name = A3lanate;
			productName = A3lanate;
			productReference = 0B11315123D9C93C007FDC6D /* A3lanate.app */;
			productType = "com.apple.product-type.application";
		};
/* End PBXNativeTarget section */

/* Begin PBXProject section */
		0B11314923D9C93C007FDC6D /* Project object */ = {
			isa = PBXProject;
			attributes = {
				LastSwiftUpdateCheck = 1130;
				LastUpgradeCheck = 1130;
				ORGANIZATIONNAME = "Mahmoud Elshakoushy";
				TargetAttributes = {
					0B11315023D9C93C007FDC6D = {
						CreatedOnToolsVersion = 11.3;
					};
				};
			};
			buildConfigurationList = 0B11314C23D9C93C007FDC6D /* Build configuration list for PBXProject "A3lanate" */;
			compatibilityVersion = "Xcode 9.3";
			developmentRegion = en;
			hasScannedForEncodings = 0;
			knownRegions = (
				en,
				Base,
				ar,
			);
			mainGroup = 0B11314823D9C93C007FDC6D;
			productRefGroup = 0B11315223D9C93C007FDC6D /* Products */;
			projectDirPath = "";
			projectRoot = "";
			targets = (
				0B11315023D9C93C007FDC6D /* A3lanate */,
			);
		};
/* End PBXProject section */

/* Begin PBXResourcesBuildPhase section */
		0B11314F23D9C93C007FDC6D /* Resources */ = {
			isa = PBXResourcesBuildPhase;
			buildActionMask = 2147483647;
			files = (
				0BFA820023F01D5100BC5A07 /* MyAdsCell.xib in Resources */,
				0B11ABFF23F9997600CA56D2 /* CategoryCell.xib in Resources */,
				0B11316323D9C93E007FDC6D /* LaunchScreen.storyboard in Resources */,
				0B1F78AE23E9DA8B006BDFBA /* QuestionCell.xib in Resources */,
				0B11998C242A31CD00932931 /* ImageDisplayVC.xib in Resources */,
				0B0AA14F23ED88BE003971A2 /* SubCategoryCell.xib in Resources */,
				0B02B0C82406D9B900A17F02 /* SubSubCategoryList.xib in Resources */,
				0B780FFA23DF298A004304DC /* Localizable.strings in Resources */,
				0BFD758D240AA6D400800340 /* BuyPackageVC.xib in Resources */,
				0BFD7597240AC76B00800340 /* PayActionSheet.xib in Resources */,
				0B1F78B823EA220F006BDFBA /* CountryCell.xib in Resources */,
				0B11AC0223F9A09500CA56D2 /* MainAdsCell.xib in Resources */,
				0B0AA14823ED8100003971A2 /* CategoriesCell.xib in Resources */,
				0BFDB61023EC4C0F00695A5A /* FavoriteCell.xib in Resources */,
				0BFD759C240AC7A100800340 /* OnlineActionSheet.xib in Resources */,
				0B08C15C24051C4D007ED192 /* NotificationCell.xib in Resources */,
				0BFD7587240A912A00800340 /* PackageCell.xib in Resources */,
				0BF4487423F03E760044B88B /* AdCell.xib in Resources */,
				0B11995624278D4800932931 /* GoogleService-Info.plist in Resources */,
				0B02C50523DCBBC300766776 /* MainCategoriesCell.xib in Resources */,
				0BFCA1DA23E22731004DE381 /* Assets.xcassets in Resources */,
				0B33E561241EB52400A2E695 /* SearchCategoryList.xib in Resources */,
				0B02B0C32406B3DF00A17F02 /* SubCategoryList.xib in Resources */,
				0B11315E23D9C93C007FDC6D /* Main.storyboard in Resources */,
				0B119950242657EA00932931 /* CategoryList.xib in Resources */,
				0B160345242B98FE00DAF2BA /* AdReportVC.xib in Resources */,
				0B18782F24040131003B7C0B /* ImageCell.xib in Resources */,
				0B1BEC352412CC7E00BD64D2 /* ChangePassAlert.xib in Resources */,
				0B08C16124051CF6007ED192 /* FollowUpCell.xib in Resources */,
				0BFD7592240AC73400800340 /* PayCell.xib in Resources */,
				0B0AA15623ED8CD3003971A2 /* SubSubCategoryCell.xib in Resources */,
				0B11994B2426530700932931 /* CountryListVC.xib in Resources */,
			);
			runOnlyForDeploymentPostprocessing = 0;
		};
/* End PBXResourcesBuildPhase section */

/* Begin PBXShellScriptBuildPhase section */
		0CDA2339EA72155A5C47B209 /* [CP] Check Pods Manifest.lock */ = {
			isa = PBXShellScriptBuildPhase;
			buildActionMask = 2147483647;
			files = (
			);
			inputFileListPaths = (
			);
			inputPaths = (
				"${PODS_PODFILE_DIR_PATH}/Podfile.lock",
				"${PODS_ROOT}/Manifest.lock",
			);
			name = "[CP] Check Pods Manifest.lock";
			outputFileListPaths = (
			);
			outputPaths = (
				"$(DERIVED_FILE_DIR)/Pods-A3lanate-checkManifestLockResult.txt",
			);
			runOnlyForDeploymentPostprocessing = 0;
			shellPath = /bin/sh;
			shellScript = "diff \"${PODS_PODFILE_DIR_PATH}/Podfile.lock\" \"${PODS_ROOT}/Manifest.lock\" > /dev/null\nif [ $? != 0 ] ; then\n    # print error to STDERR\n    echo \"error: The sandbox is not in sync with the Podfile.lock. Run 'pod install' or update your CocoaPods installation.\" >&2\n    exit 1\nfi\n# This output is used by Xcode 'outputs' to avoid re-running this script phase.\necho \"SUCCESS\" > \"${SCRIPT_OUTPUT_FILE_0}\"\n";
			showEnvVarsInLog = 0;
		};
		42291EBC9DF74CEF3F19A445 /* [CP] Embed Pods Frameworks */ = {
			isa = PBXShellScriptBuildPhase;
			buildActionMask = 2147483647;
			files = (
			);
			inputFileListPaths = (
				"${PODS_ROOT}/Target Support Files/Pods-A3lanate/Pods-A3lanate-frameworks-${CONFIGURATION}-input-files.xcfilelist",
			);
			name = "[CP] Embed Pods Frameworks";
			outputFileListPaths = (
				"${PODS_ROOT}/Target Support Files/Pods-A3lanate/Pods-A3lanate-frameworks-${CONFIGURATION}-output-files.xcfilelist",
			);
			runOnlyForDeploymentPostprocessing = 0;
			shellPath = /bin/sh;
			shellScript = "\"${PODS_ROOT}/Target Support Files/Pods-A3lanate/Pods-A3lanate-frameworks.sh\"\n";
			showEnvVarsInLog = 0;
		};
/* End PBXShellScriptBuildPhase section */

/* Begin PBXSourcesBuildPhase section */
		0B11314D23D9C93C007FDC6D /* Sources */ = {
			isa = PBXSourcesBuildPhase;
			buildActionMask = 2147483647;
			files = (
				0B18782E24040131003B7C0B /* ImageCell.swift in Sources */,
				0B1199592427CC2000932931 /* NotificationService.swift in Sources */,
				0B1199492426499800932931 /* CountryListVC.swift in Sources */,
				0BF4487623F04D840044B88B /* FollowUpVC.swift in Sources */,
				0B02B0B224068CE700A17F02 /* FeaturesService.swift in Sources */,
				0B0AA14A23ED8609003971A2 /* SubSubCategoryVC.swift in Sources */,
				0B04833123DA2DDC003C49C0 /* UIViewExt.swift in Sources */,
				0B02C50423DCBBC300766776 /* MainCategoriesCell.swift in Sources */,
				0B780FF223DF1993004304DC /* SideMenuVC.swift in Sources */,
				0B0BCEDE23E10D9E00AF709A /* CountryVC.swift in Sources */,
				0B1199872428EB8700932931 /* MainCatVC.swift in Sources */,
				0BFDB5FB23EC033D00695A5A /* BalanceVC.swift in Sources */,
				0BF4488223F174100044B88B /* AuthService.swift in Sources */,
				0BFDB60623EC3CB400695A5A /* ChangePassAlert.swift in Sources */,
				0B0BCEE023E10DCE00AF709A /* NotificationVC.swift in Sources */,
				0BF4488423F1B2880044B88B /* NetworkHelper.swift in Sources */,
				0B554DE524237F5C002BD69D /* Question.swift in Sources */,
				0B0AA14723ED8100003971A2 /* CategoriesCell.swift in Sources */,
				0B11AC0823F9A21B00CA56D2 /* CategoriesService.swift in Sources */,
				0B04832E23DA26B7003C49C0 /* SearchVC.swift in Sources */,
				0B0BCEDC23E10D7F00AF709A /* LoginVC.swift in Sources */,
				0BFA81F023F00CAA00BC5A07 /* PayCell.swift in Sources */,
				0BFA81FF23F01D5100BC5A07 /* MyAdsCell.swift in Sources */,
				0B0AA15523ED8CD3003971A2 /* SubSubCategoryCell.swift in Sources */,
				0B08D41023DFBD2200079CA4 /* AboutUsVC.swift in Sources */,
				0BFA820323F021D600BC5A07 /* AdVC.swift in Sources */,
				0B0BCEE223E10E4800AF709A /* TermsVC.swift in Sources */,
				0B11ABFE23F9997600CA56D2 /* CategoryCell.swift in Sources */,
				0B11315B23D9C93C007FDC6D /* AdvertiseNowVC.swift in Sources */,
				0BF4487323F03E760044B88B /* AdCell.swift in Sources */,
				0BFA81F523F0107E00BC5A07 /* PayActionSheet.swift in Sources */,
				0B19086C23F70EE80050AE73 /* Ad.swift in Sources */,
				0B19086A23F70EC80050AE73 /* Category.swift in Sources */,
				0B11315923D9C93C007FDC6D /* HomeVC.swift in Sources */,
				0B04832B23DA1FDB003C49C0 /* ProfileVC.swift in Sources */,
				0B0AA14E23ED88BE003971A2 /* SubCategoryCell.swift in Sources */,
				0BFDB5FD23EC035700695A5A /* PaymentVC.swift in Sources */,
				0B11995B2427CCA200932931 /* NotificationN.swift in Sources */,
				0B187835240446DA003B7C0B /* LocalizedView.swift in Sources */,
				0B04ED5523EEA64000661F1A /* AllOffersVC.swift in Sources */,
				0B19086823F70EAD0050AE73 /* SliderAd.swift in Sources */,
				0B160343242B96C300DAF2BA /* AdReportVC.swift in Sources */,
				0B11315523D9C93C007FDC6D /* AppDelegate.swift in Sources */,
				0B0CA06123E090C700BC25AC /* ContactUsVC.swift in Sources */,
				0BFD758B240AA11100800340 /* BuyPackageVC.swift in Sources */,
				0B33E55C241EAC2800A2E695 /* SearchResultVC.swift in Sources */,
				0B02B0B024068C6B00A17F02 /* Feature.swift in Sources */,
				0B11AC0123F99DED00CA56D2 /* LocalizedCollectionView.swift in Sources */,
				0B02B0C72406D9B900A17F02 /* SubSubCategoryList.swift in Sources */,
				0B0AA15123ED8A35003971A2 /* SubCategoryVC.swift in Sources */,
				0B780FF423DF19E6004304DC /* LanguageVC.swift in Sources */,
				0BFDB5F923EC032000695A5A /* MyAdsVC.swift in Sources */,
				0BFA81FA23F0147E00BC5A07 /* OnlineActionSheet.swift in Sources */,
				0BFD757F240A83D800800340 /* PackagesService.swift in Sources */,
				0B19086623F70D220050AE73 /* HomeService.swift in Sources */,
				0B1F78A423E70CDB006BDFBA /* RegisterVC.swift in Sources */,
				0B11315723D9C93C007FDC6D /* SceneDelegate.swift in Sources */,
				0B780FFF23DF2A06004304DC /* StringExt.swift in Sources */,
				0B04832923DA1FC9003C49C0 /* FavoriteVC.swift in Sources */,
				0BFD7586240A912A00800340 /* PackageCell.swift in Sources */,
				0B04832723DA1F87003C49C0 /* CategoriesVC.swift in Sources */,
				0BF4487A23F04DF80044B88B /* FollowUpCell.swift in Sources */,
				0B19086E23F737230050AE73 /* AdsService.swift in Sources */,
				0B02C4FD23DCAC9700766776 /* MainAdsCell.swift in Sources */,
				0B1F78AD23E9DA8B006BDFBA /* QuestionCell.swift in Sources */,
				0BFDB5F723EC030000695A5A /* EditProfileVC.swift in Sources */,
				0B33E560241EB52400A2E695 /* SearchCategoryList.swift in Sources */,
				0B187833240444E9003B7C0B /* LocalizedImage.swift in Sources */,
				0B02B0BD2406B1F500A17F02 /* CategoryList.swift in Sources */,
				0BFA81EC23F00B3900BC5A07 /* FeaturesVC.swift in Sources */,
				0B11AC0A23F9A40000CA56D2 /* SubCategory.swift in Sources */,
				0BFDB60F23EC4C0F00695A5A /* FavoriteCell.swift in Sources */,
				0B1F78A623E725A5006BDFBA /* forgotPassVC.swift in Sources */,
				0B1F78B223E9E526006BDFBA /* NotificationCell.swift in Sources */,
				0B187831240444B3003B7C0B /* LocalizedButton.swift in Sources */,
				0BFDB60223EC0FB800695A5A /* ChangePassVC.swift in Sources */,
				0BF4487F23F173470044B88B /* Constants.swift in Sources */,
				0B1F78B723EA220F006BDFBA /* CountryCell.swift in Sources */,
				0B554DE7242380CF002BD69D /* QuestionService.swift in Sources */,
				0BFD757D240A838A00800340 /* Package.swift in Sources */,
				0B11998B242A31CD00932931 /* ImageDisplayVC.swift in Sources */,
				0B0BCEE423E10E6E00AF709A /* SupportVC.swift in Sources */,
				0B02B0C22406B3DF00A17F02 /* SubCategoryList.swift in Sources */,
			);
			runOnlyForDeploymentPostprocessing = 0;
		};
/* End PBXSourcesBuildPhase section */

/* Begin PBXVariantGroup section */
		0B08C15E24051C4D007ED192 /* NotificationCell.xib */ = {
			isa = PBXVariantGroup;
			children = (
				0B08C15D24051C4D007ED192 /* Base */,
				0B08C16024051C51007ED192 /* ar */,
			);
			name = NotificationCell.xib;
			sourceTree = "<group>";
		};
		0B08C16324051CF6007ED192 /* FollowUpCell.xib */ = {
			isa = PBXVariantGroup;
			children = (
				0B08C16224051CF6007ED192 /* Base */,
				0B08C16524051CF9007ED192 /* ar */,
			);
			name = FollowUpCell.xib;
			sourceTree = "<group>";
		};
		0B11315C23D9C93C007FDC6D /* Main.storyboard */ = {
			isa = PBXVariantGroup;
			children = (
				0B11315D23D9C93C007FDC6D /* Base */,
				0B780FF523DF28DB004304DC /* ar */,
			);
			name = Main.storyboard;
			sourceTree = "<group>";
		};
		0B11316123D9C93E007FDC6D /* LaunchScreen.storyboard */ = {
			isa = PBXVariantGroup;
			children = (
				0B11316223D9C93E007FDC6D /* Base */,
				0B780FF623DF28DB004304DC /* ar */,
			);
			name = LaunchScreen.storyboard;
			sourceTree = "<group>";
		};
		0B11994D2426530700932931 /* CountryListVC.xib */ = {
			isa = PBXVariantGroup;
			children = (
				0B11994C2426530700932931 /* Base */,
				0B11994F2426530D00932931 /* ar */,
			);
			name = CountryListVC.xib;
			sourceTree = "<group>";
		};
		0B119952242657EA00932931 /* CategoryList.xib */ = {
			isa = PBXVariantGroup;
			children = (
				0B119951242657EA00932931 /* Base */,
				0B119954242657F000932931 /* ar */,
			);
			name = CategoryList.xib;
			sourceTree = "<group>";
		};
		0B11AC0423F9A09500CA56D2 /* MainAdsCell.xib */ = {
			isa = PBXVariantGroup;
			children = (
				0B11AC0323F9A09500CA56D2 /* Base */,
				0B11AC0623F9A09800CA56D2 /* ar */,
			);
			name = MainAdsCell.xib;
			sourceTree = "<group>";
		};
		0B160347242B98FE00DAF2BA /* AdReportVC.xib */ = {
			isa = PBXVariantGroup;
			children = (
				0B160346242B98FE00DAF2BA /* Base */,
				0B16034B242B991A00DAF2BA /* ar */,
			);
			name = AdReportVC.xib;
			sourceTree = "<group>";
		};
		0B1BEC372412CC7E00BD64D2 /* ChangePassAlert.xib */ = {
			isa = PBXVariantGroup;
			children = (
				0B1BEC362412CC7E00BD64D2 /* Base */,
				0B1BEC392412CC8300BD64D2 /* ar */,
			);
			name = ChangePassAlert.xib;
			sourceTree = "<group>";
		};
		0B780FFC23DF298A004304DC /* Localizable.strings */ = {
			isa = PBXVariantGroup;
			children = (
				0B780FFB23DF298A004304DC /* en */,
				0B780FFD23DF298D004304DC /* ar */,
			);
			name = Localizable.strings;
			sourceTree = "<group>";
		};
		0BFD758F240AA6D400800340 /* BuyPackageVC.xib */ = {
			isa = PBXVariantGroup;
			children = (
				0BFD758E240AA6D400800340 /* Base */,
				0BFD7591240AA6D800800340 /* ar */,
			);
			name = BuyPackageVC.xib;
			sourceTree = "<group>";
		};
		0BFD7594240AC73400800340 /* PayCell.xib */ = {
			isa = PBXVariantGroup;
			children = (
				0BFD7593240AC73400800340 /* Base */,
				0BFD7596240AC73900800340 /* ar */,
			);
			name = PayCell.xib;
			sourceTree = "<group>";
		};
		0BFD7599240AC76B00800340 /* PayActionSheet.xib */ = {
			isa = PBXVariantGroup;
			children = (
				0BFD7598240AC76B00800340 /* Base */,
				0BFD759B240AC77100800340 /* ar */,
			);
			name = PayActionSheet.xib;
			sourceTree = "<group>";
		};
		0BFD759E240AC7A100800340 /* OnlineActionSheet.xib */ = {
			isa = PBXVariantGroup;
			children = (
				0BFD759D240AC7A100800340 /* Base */,
				0B11998E242A8E8900932931 /* ar */,
			);
			name = OnlineActionSheet.xib;
			sourceTree = "<group>";
		};
/* End PBXVariantGroup section */

/* Begin XCBuildConfiguration section */
		0B11316523D9C93E007FDC6D /* Debug */ = {
			isa = XCBuildConfiguration;
			buildSettings = {
				ALWAYS_SEARCH_USER_PATHS = NO;
				CLANG_ANALYZER_LOCALIZABILITY_NONLOCALIZED = YES;
				CLANG_ANALYZER_NONNULL = YES;
				CLANG_ANALYZER_NUMBER_OBJECT_CONVERSION = YES_AGGRESSIVE;
				CLANG_CXX_LANGUAGE_STANDARD = "gnu++14";
				CLANG_CXX_LIBRARY = "libc++";
				CLANG_ENABLE_MODULES = YES;
				CLANG_ENABLE_OBJC_ARC = YES;
				CLANG_ENABLE_OBJC_WEAK = YES;
				CLANG_WARN_BLOCK_CAPTURE_AUTORELEASING = YES;
				CLANG_WARN_BOOL_CONVERSION = YES;
				CLANG_WARN_COMMA = YES;
				CLANG_WARN_CONSTANT_CONVERSION = YES;
				CLANG_WARN_DEPRECATED_OBJC_IMPLEMENTATIONS = YES;
				CLANG_WARN_DIRECT_OBJC_ISA_USAGE = YES_ERROR;
				CLANG_WARN_DOCUMENTATION_COMMENTS = YES;
				CLANG_WARN_EMPTY_BODY = YES;
				CLANG_WARN_ENUM_CONVERSION = YES;
				CLANG_WARN_INFINITE_RECURSION = YES;
				CLANG_WARN_INT_CONVERSION = YES;
				CLANG_WARN_NON_LITERAL_NULL_CONVERSION = YES;
				CLANG_WARN_OBJC_IMPLICIT_RETAIN_SELF = YES;
				CLANG_WARN_OBJC_LITERAL_CONVERSION = YES;
				CLANG_WARN_OBJC_ROOT_CLASS = YES_ERROR;
				CLANG_WARN_RANGE_LOOP_ANALYSIS = YES;
				CLANG_WARN_STRICT_PROTOTYPES = YES;
				CLANG_WARN_SUSPICIOUS_MOVE = YES;
				CLANG_WARN_UNGUARDED_AVAILABILITY = YES_AGGRESSIVE;
				CLANG_WARN_UNREACHABLE_CODE = YES;
				CLANG_WARN__DUPLICATE_METHOD_MATCH = YES;
				COPY_PHASE_STRIP = NO;
				DEBUG_INFORMATION_FORMAT = dwarf;
				ENABLE_STRICT_OBJC_MSGSEND = YES;
				ENABLE_TESTABILITY = YES;
				GCC_C_LANGUAGE_STANDARD = gnu11;
				GCC_DYNAMIC_NO_PIC = NO;
				GCC_NO_COMMON_BLOCKS = YES;
				GCC_OPTIMIZATION_LEVEL = 0;
				GCC_PREPROCESSOR_DEFINITIONS = (
					"DEBUG=1",
					"$(inherited)",
				);
				GCC_WARN_64_TO_32_BIT_CONVERSION = YES;
				GCC_WARN_ABOUT_RETURN_TYPE = YES_ERROR;
				GCC_WARN_UNDECLARED_SELECTOR = YES;
				GCC_WARN_UNINITIALIZED_AUTOS = YES_AGGRESSIVE;
				GCC_WARN_UNUSED_FUNCTION = YES;
				GCC_WARN_UNUSED_VARIABLE = YES;
				IPHONEOS_DEPLOYMENT_TARGET = 12.0;
				MTL_ENABLE_DEBUG_INFO = INCLUDE_SOURCE;
				MTL_FAST_MATH = YES;
				ONLY_ACTIVE_ARCH = YES;
				SDKROOT = iphoneos;
				SWIFT_ACTIVE_COMPILATION_CONDITIONS = DEBUG;
				SWIFT_OPTIMIZATION_LEVEL = "-Onone";
			};
			name = Debug;
		};
		0B11316623D9C93E007FDC6D /* Release */ = {
			isa = XCBuildConfiguration;
			buildSettings = {
				ALWAYS_SEARCH_USER_PATHS = NO;
				CLANG_ANALYZER_LOCALIZABILITY_NONLOCALIZED = YES;
				CLANG_ANALYZER_NONNULL = YES;
				CLANG_ANALYZER_NUMBER_OBJECT_CONVERSION = YES_AGGRESSIVE;
				CLANG_CXX_LANGUAGE_STANDARD = "gnu++14";
				CLANG_CXX_LIBRARY = "libc++";
				CLANG_ENABLE_MODULES = YES;
				CLANG_ENABLE_OBJC_ARC = YES;
				CLANG_ENABLE_OBJC_WEAK = YES;
				CLANG_WARN_BLOCK_CAPTURE_AUTORELEASING = YES;
				CLANG_WARN_BOOL_CONVERSION = YES;
				CLANG_WARN_COMMA = YES;
				CLANG_WARN_CONSTANT_CONVERSION = YES;
				CLANG_WARN_DEPRECATED_OBJC_IMPLEMENTATIONS = YES;
				CLANG_WARN_DIRECT_OBJC_ISA_USAGE = YES_ERROR;
				CLANG_WARN_DOCUMENTATION_COMMENTS = YES;
				CLANG_WARN_EMPTY_BODY = YES;
				CLANG_WARN_ENUM_CONVERSION = YES;
				CLANG_WARN_INFINITE_RECURSION = YES;
				CLANG_WARN_INT_CONVERSION = YES;
				CLANG_WARN_NON_LITERAL_NULL_CONVERSION = YES;
				CLANG_WARN_OBJC_IMPLICIT_RETAIN_SELF = YES;
				CLANG_WARN_OBJC_LITERAL_CONVERSION = YES;
				CLANG_WARN_OBJC_ROOT_CLASS = YES_ERROR;
				CLANG_WARN_RANGE_LOOP_ANALYSIS = YES;
				CLANG_WARN_STRICT_PROTOTYPES = YES;
				CLANG_WARN_SUSPICIOUS_MOVE = YES;
				CLANG_WARN_UNGUARDED_AVAILABILITY = YES_AGGRESSIVE;
				CLANG_WARN_UNREACHABLE_CODE = YES;
				CLANG_WARN__DUPLICATE_METHOD_MATCH = YES;
				COPY_PHASE_STRIP = NO;
				DEBUG_INFORMATION_FORMAT = "dwarf-with-dsym";
				ENABLE_NS_ASSERTIONS = NO;
				ENABLE_STRICT_OBJC_MSGSEND = YES;
				GCC_C_LANGUAGE_STANDARD = gnu11;
				GCC_NO_COMMON_BLOCKS = YES;
				GCC_WARN_64_TO_32_BIT_CONVERSION = YES;
				GCC_WARN_ABOUT_RETURN_TYPE = YES_ERROR;
				GCC_WARN_UNDECLARED_SELECTOR = YES;
				GCC_WARN_UNINITIALIZED_AUTOS = YES_AGGRESSIVE;
				GCC_WARN_UNUSED_FUNCTION = YES;
				GCC_WARN_UNUSED_VARIABLE = YES;
				IPHONEOS_DEPLOYMENT_TARGET = 12.0;
				MTL_ENABLE_DEBUG_INFO = NO;
				MTL_FAST_MATH = YES;
				SDKROOT = iphoneos;
				SWIFT_COMPILATION_MODE = wholemodule;
				SWIFT_OPTIMIZATION_LEVEL = "-O";
				VALIDATE_PRODUCT = YES;
			};
			name = Release;
		};
		0B11316823D9C93E007FDC6D /* Debug */ = {
			isa = XCBuildConfiguration;
			baseConfigurationReference = 09DED0F7E927F837B44DD197 /* Pods-A3lanate.debug.xcconfig */;
			buildSettings = {
				ASSETCATALOG_COMPILER_APPICON_NAME = AppIcon;
				CODE_SIGN_ENTITLEMENTS = A3lanate/A3lanate.entitlements;
				CODE_SIGN_STYLE = Automatic;
				CURRENT_PROJECT_VERSION = 3;
				DEVELOPMENT_TEAM = 4W85KLPQDW;
				INFOPLIST_FILE = A3lanate/Configurations/Info.plist;
				LD_RUNPATH_SEARCH_PATHS = (
					"$(inherited)",
					"@executable_path/Frameworks",
				);
				MARKETING_VERSION = 1.0.2;
				PRODUCT_BUNDLE_IDENTIFIER = com.bluezone.A3lanate;
				PRODUCT_NAME = "$(TARGET_NAME)";
				SWIFT_VERSION = 5.0;
				TARGETED_DEVICE_FAMILY = "1,2";
			};
			name = Debug;
		};
		0B11316923D9C93E007FDC6D /* Release */ = {
			isa = XCBuildConfiguration;
			baseConfigurationReference = 8A8EBF2C0E5D915F2A5C4A20 /* Pods-A3lanate.release.xcconfig */;
			buildSettings = {
				ASSETCATALOG_COMPILER_APPICON_NAME = AppIcon;
				CODE_SIGN_ENTITLEMENTS = A3lanate/A3lanate.entitlements;
				CODE_SIGN_STYLE = Automatic;
				CURRENT_PROJECT_VERSION = 3;
				DEVELOPMENT_TEAM = 4W85KLPQDW;
				INFOPLIST_FILE = A3lanate/Configurations/Info.plist;
				LD_RUNPATH_SEARCH_PATHS = (
					"$(inherited)",
					"@executable_path/Frameworks",
				);
				MARKETING_VERSION = 1.0.2;
				PRODUCT_BUNDLE_IDENTIFIER = com.bluezone.A3lanate;
				PRODUCT_NAME = "$(TARGET_NAME)";
				SWIFT_VERSION = 5.0;
				TARGETED_DEVICE_FAMILY = "1,2";
			};
			name = Release;
		};
/* End XCBuildConfiguration section */

/* Begin XCConfigurationList section */
		0B11314C23D9C93C007FDC6D /* Build configuration list for PBXProject "A3lanate" */ = {
			isa = XCConfigurationList;
			buildConfigurations = (
				0B11316523D9C93E007FDC6D /* Debug */,
				0B11316623D9C93E007FDC6D /* Release */,
			);
			defaultConfigurationIsVisible = 0;
			defaultConfigurationName = Release;
		};
		0B11316723D9C93E007FDC6D /* Build configuration list for PBXNativeTarget "A3lanate" */ = {
			isa = XCConfigurationList;
			buildConfigurations = (
				0B11316823D9C93E007FDC6D /* Debug */,
				0B11316923D9C93E007FDC6D /* Release */,
			);
			defaultConfigurationIsVisible = 0;
			defaultConfigurationName = Release;
		};
/* End XCConfigurationList section */
	};
	rootObject = 0B11314923D9C93C007FDC6D /* Project object */;
}
